// !$*UTF8*$!
{
	archiveVersion = 1;
	classes = {
	};
	objectVersion = 50;
	objects = {

/* Begin PBXBuildFile section */
		BAF1AE1321D7D43F0000ACC7 /* AppDelegate.swift in Sources */ = {isa = PBXBuildFile; fileRef = BAF1AE1221D7D43F0000ACC7 /* AppDelegate.swift */; };
		BAF1AE1521D7D43F0000ACC7 /* ViewController.swift in Sources */ = {isa = PBXBuildFile; fileRef = BAF1AE1421D7D43F0000ACC7 /* ViewController.swift */; };
		BAF1AE1821D7D43F0000ACC7 /* Main.storyboard in Resources */ = {isa = PBXBuildFile; fileRef = BAF1AE1621D7D43F0000ACC7 /* Main.storyboard */; };
		BAF1AE1A21D7D4400000ACC7 /* Assets.xcassets in Resources */ = {isa = PBXBuildFile; fileRef = BAF1AE1921D7D4400000ACC7 /* Assets.xcassets */; };
		BAF1AE1D21D7D4400000ACC7 /* LaunchScreen.storyboard in Resources */ = {isa = PBXBuildFile; fileRef = BAF1AE1B21D7D4400000ACC7 /* LaunchScreen.storyboard */; };
		BEBADE7C7BAB0533D95A0B9E /* Pods_simplemap.framework in Frameworks */ = {isa = PBXBuildFile; fileRef = 7375A39A80EA5EE5679A6AA2 /* Pods_simplemap.framework */; };
/* End PBXBuildFile section */

/* Begin PBXCopyFilesBuildPhase section */
		BAF1AE2E21D7D4DE0000ACC7 /* Embed Frameworks */ = {
			isa = PBXCopyFilesBuildPhase;
			buildActionMask = 2147483647;
			dstPath = "";
			dstSubfolderSpec = 10;
			files = (
			);
			name = "Embed Frameworks";
			runOnlyForDeploymentPostprocessing = 0;
		};
/* End PBXCopyFilesBuildPhase section */

/* Begin PBXFileReference section */
		077F4DE789DE3E1AB894AFE3 /* Pods-simplemap.debug.xcconfig */ = {isa = PBXFileReference; includeInIndex = 1; lastKnownFileType = text.xcconfig; name = "Pods-simplemap.debug.xcconfig"; path = "Target Support Files/Pods-simplemap/Pods-simplemap.debug.xcconfig"; sourceTree = "<group>"; };
		7375A39A80EA5EE5679A6AA2 /* Pods_simplemap.framework */ = {isa = PBXFileReference; explicitFileType = wrapper.framework; includeInIndex = 0; path = Pods_simplemap.framework; sourceTree = BUILT_PRODUCTS_DIR; };
		82298840C140F0E485C1D55A /* Pods-simplemap.release.xcconfig */ = {isa = PBXFileReference; includeInIndex = 1; lastKnownFileType = text.xcconfig; name = "Pods-simplemap.release.xcconfig"; path = "Target Support Files/Pods-simplemap/Pods-simplemap.release.xcconfig"; sourceTree = "<group>"; };
		BAF1AE0F21D7D43F0000ACC7 /* simplemap.app */ = {isa = PBXFileReference; explicitFileType = wrapper.application; includeInIndex = 0; path = simplemap.app; sourceTree = BUILT_PRODUCTS_DIR; };
		BAF1AE1221D7D43F0000ACC7 /* AppDelegate.swift */ = {isa = PBXFileReference; lastKnownFileType = sourcecode.swift; path = AppDelegate.swift; sourceTree = "<group>"; };
		BAF1AE1421D7D43F0000ACC7 /* ViewController.swift */ = {isa = PBXFileReference; lastKnownFileType = sourcecode.swift; path = ViewController.swift; sourceTree = "<group>"; };
		BAF1AE1721D7D43F0000ACC7 /* Base */ = {isa = PBXFileReference; lastKnownFileType = file.storyboard; name = Base; path = Base.lproj/Main.storyboard; sourceTree = "<group>"; };
		BAF1AE1921D7D4400000ACC7 /* Assets.xcassets */ = {isa = PBXFileReference; lastKnownFileType = folder.assetcatalog; path = Assets.xcassets; sourceTree = "<group>"; };
		BAF1AE1C21D7D4400000ACC7 /* Base */ = {isa = PBXFileReference; lastKnownFileType = file.storyboard; name = Base; path = Base.lproj/LaunchScreen.storyboard; sourceTree = "<group>"; };
		BAF1AE1E21D7D4400000ACC7 /* Info.plist */ = {isa = PBXFileReference; lastKnownFileType = text.plist.xml; path = Info.plist; sourceTree = "<group>"; };
/* End PBXFileReference section */

/* Begin PBXFrameworksBuildPhase section */
		BAF1AE0C21D7D43F0000ACC7 /* Frameworks */ = {
			isa = PBXFrameworksBuildPhase;
			buildActionMask = 2147483647;
			files = (
				BEBADE7C7BAB0533D95A0B9E /* Pods_simplemap.framework in Frameworks */,
			);
			runOnlyForDeploymentPostprocessing = 0;
		};
/* End PBXFrameworksBuildPhase section */

/* Begin PBXGroup section */
		BAF1AE0621D7D43F0000ACC7 = {
			isa = PBXGroup;
			children = (
				BAF1AE1121D7D43F0000ACC7 /* simplemap */,
				BAF1AE1021D7D43F0000ACC7 /* Products */,
				DC7A05780FBCA86E6CA14209 /* Pods */,
				F9837485E40E9B696F94CF2C /* Frameworks */,
			);
			sourceTree = "<group>";
		};
		BAF1AE1021D7D43F0000ACC7 /* Products */ = {
			isa = PBXGroup;
			children = (
				BAF1AE0F21D7D43F0000ACC7 /* simplemap.app */,
			);
			name = Products;
			sourceTree = "<group>";
		};
		BAF1AE1121D7D43F0000ACC7 /* simplemap */ = {
			isa = PBXGroup;
			children = (
				BAF1AE1221D7D43F0000ACC7 /* AppDelegate.swift */,
				BAF1AE1421D7D43F0000ACC7 /* ViewController.swift */,
				BAF1AE1621D7D43F0000ACC7 /* Main.storyboard */,
				BAF1AE1921D7D4400000ACC7 /* Assets.xcassets */,
				BAF1AE1B21D7D4400000ACC7 /* LaunchScreen.storyboard */,
				BAF1AE1E21D7D4400000ACC7 /* Info.plist */,
			);
			path = simplemap;
			sourceTree = "<group>";
		};
		DC7A05780FBCA86E6CA14209 /* Pods */ = {
			isa = PBXGroup;
			children = (
				077F4DE789DE3E1AB894AFE3 /* Pods-simplemap.debug.xcconfig */,
				82298840C140F0E485C1D55A /* Pods-simplemap.release.xcconfig */,
			);
			name = Pods;
			path = Pods;
			sourceTree = "<group>";
		};
		F9837485E40E9B696F94CF2C /* Frameworks */ = {
			isa = PBXGroup;
			children = (
				7375A39A80EA5EE5679A6AA2 /* Pods_simplemap.framework */,
			);
			name = Frameworks;
			sourceTree = "<group>";
		};
/* End PBXGroup section */

/* Begin PBXNativeTarget section */
		BAF1AE0E21D7D43F0000ACC7 /* simplemap */ = {
			isa = PBXNativeTarget;
			buildConfigurationList = BAF1AE2121D7D4400000ACC7 /* Build configuration list for PBXNativeTarget "simplemap" */;
			buildPhases = (
				CEE1DC5D2B578868F97185A2 /* [CP] Check Pods Manifest.lock */,
				BAF1AE0B21D7D43F0000ACC7 /* Sources */,
				BAF1AE0C21D7D43F0000ACC7 /* Frameworks */,
				BAF1AE0D21D7D43F0000ACC7 /* Resources */,
				BAF1AE2E21D7D4DE0000ACC7 /* Embed Frameworks */,
				EB88D014BA55158C8D4BF90F /* [CP] Embed Pods Frameworks */,
			);
			buildRules = (
			);
			dependencies = (
			);
			name = simplemap;
			productName = simplemap;
			productReference = BAF1AE0F21D7D43F0000ACC7 /* simplemap.app */;
			productType = "com.apple.product-type.application";
		};
/* End PBXNativeTarget section */

/* Begin PBXProject section */
		BAF1AE0721D7D43F0000ACC7 /* Project object */ = {
			isa = PBXProject;
			attributes = {
				LastSwiftUpdateCheck = 1010;
				LastUpgradeCheck = 1010;
				ORGANIZATIONNAME = "Sua Le";
				TargetAttributes = {
					BAF1AE0E21D7D43F0000ACC7 = {
						CreatedOnToolsVersion = 10.1;
					};
				};
			};
			buildConfigurationList = BAF1AE0A21D7D43F0000ACC7 /* Build configuration list for PBXProject "simplemap" */;
			compatibilityVersion = "Xcode 9.3";
			developmentRegion = en;
			hasScannedForEncodings = 0;
			knownRegions = (
				en,
				Base,
			);
			mainGroup = BAF1AE0621D7D43F0000ACC7;
			productRefGroup = BAF1AE1021D7D43F0000ACC7 /* Products */;
			projectDirPath = "";
			projectRoot = "";
			targets = (
				BAF1AE0E21D7D43F0000ACC7 /* simplemap */,
			);
		};
/* End PBXProject section */

/* Begin PBXResourcesBuildPhase section */
		BAF1AE0D21D7D43F0000ACC7 /* Resources */ = {
			isa = PBXResourcesBuildPhase;
			buildActionMask = 2147483647;
			files = (
				BAF1AE1D21D7D4400000ACC7 /* LaunchScreen.storyboard in Resources */,
				BAF1AE1A21D7D4400000ACC7 /* Assets.xcassets in Resources */,
				BAF1AE1821D7D43F0000ACC7 /* Main.storyboard in Resources */,
			);
			runOnlyForDeploymentPostprocessing = 0;
		};
/* End PBXResourcesBuildPhase section */

/* Begin PBXShellScriptBuildPhase section */
		CEE1DC5D2B578868F97185A2 /* [CP] Check Pods Manifest.lock */ = {
			isa = PBXShellScriptBuildPhase;
			buildActionMask = 2147483647;
			files = (
			);
			inputFileListPaths = (
			);
			inputPaths = (
				"${PODS_PODFILE_DIR_PATH}/Podfile.lock",
				"${PODS_ROOT}/Manifest.lock",
			);
			name = "[CP] Check Pods Manifest.lock";
			outputFileListPaths = (
			);
			outputPaths = (
				"$(DERIVED_FILE_DIR)/Pods-simplemap-checkManifestLockResult.txt",
			);
			runOnlyForDeploymentPostprocessing = 0;
			shellPath = /bin/sh;
			shellScript = "diff \"${PODS_PODFILE_DIR_PATH}/Podfile.lock\" \"${PODS_ROOT}/Manifest.lock\" > /dev/null\nif [ $? != 0 ] ; then\n    # print error to STDERR\n    echo \"error: The sandbox is not in sync with the Podfile.lock. Run 'pod install' or update your CocoaPods installation.\" >&2\n    exit 1\nfi\n# This output is used by Xcode 'outputs' to avoid re-running this script phase.\necho \"SUCCESS\" > \"${SCRIPT_OUTPUT_FILE_0}\"\n";
			showEnvVarsInLog = 0;
		};
		EB88D014BA55158C8D4BF90F /* [CP] Embed Pods Frameworks */ = {
			isa = PBXShellScriptBuildPhase;
			buildActionMask = 2147483647;
			files = (
			);
			inputFileListPaths = (
				"${PODS_ROOT}/Target Support Files/Pods-simplemap/Pods-simplemap-frameworks-${CONFIGURATION}-input-files.xcfilelist",
			);
			name = "[CP] Embed Pods Frameworks";
			outputFileListPaths = (
				"${PODS_ROOT}/Target Support Files/Pods-simplemap/Pods-simplemap-frameworks-${CONFIGURATION}-output-files.xcfilelist",
			);
			runOnlyForDeploymentPostprocessing = 0;
			shellPath = /bin/sh;
			shellScript = "\"${PODS_ROOT}/Target Support Files/Pods-simplemap/Pods-simplemap-frameworks.sh\"\n";
			showEnvVarsInLog = 0;
		};
/* End PBXShellScriptBuildPhase section */

/* Begin PBXSourcesBuildPhase section */
		BAF1AE0B21D7D43F0000ACC7 /* Sources */ = {
			isa = PBXSourcesBuildPhase;
			buildActionMask = 2147483647;
			files = (
				BAF1AE1521D7D43F0000ACC7 /* ViewController.swift in Sources */,
				BAF1AE1321D7D43F0000ACC7 /* AppDelegate.swift in Sources */,
			);
			runOnlyForDeploymentPostprocessing = 0;
		};
/* End PBXSourcesBuildPhase section */

/* Begin PBXVariantGroup section */
		BAF1AE1621D7D43F0000ACC7 /* Main.storyboard */ = {
			isa = PBXVariantGroup;
			children = (
				BAF1AE1721D7D43F0000ACC7 /* Base */,
			);
			name = Main.storyboard;
			sourceTree = "<group>";
		};
		BAF1AE1B21D7D4400000ACC7 /* LaunchScreen.storyboard */ = {
			isa = PBXVariantGroup;
			children = (
				BAF1AE1C21D7D4400000ACC7 /* Base */,
			);
			name = LaunchScreen.storyboard;
			sourceTree = "<group>";
		};
/* End PBXVariantGroup section */

/* Begin XCBuildConfiguration section */
		BAF1AE1F21D7D4400000ACC7 /* Debug */ = {
			isa = XCBuildConfiguration;
			buildSettings = {
				ALWAYS_SEARCH_USER_PATHS = NO;
				CLANG_ANALYZER_NONNULL = YES;
				CLANG_ANALYZER_NUMBER_OBJECT_CONVERSION = YES_AGGRESSIVE;
				CLANG_CXX_LANGUAGE_STANDARD = "gnu++14";
				CLANG_CXX_LIBRARY = "libc++";
				CLANG_ENABLE_MODULES = YES;
				CLANG_ENABLE_OBJC_ARC = YES;
				CLANG_ENABLE_OBJC_WEAK = YES;
				CLANG_WARN_BLOCK_CAPTURE_AUTORELEASING = YES;
				CLANG_WARN_BOOL_CONVERSION = YES;
				CLANG_WARN_COMMA = YES;
				CLANG_WARN_CONSTANT_CONVERSION = YES;
				CLANG_WARN_DEPRECATED_OBJC_IMPLEMENTATIONS = YES;
				CLANG_WARN_DIRECT_OBJC_ISA_USAGE = YES_ERROR;
				CLANG_WARN_DOCUMENTATION_COMMENTS = YES;
				CLANG_WARN_EMPTY_BODY = YES;
				CLANG_WARN_ENUM_CONVERSION = YES;
				CLANG_WARN_INFINITE_RECURSION = YES;
				CLANG_WARN_INT_CONVERSION = YES;
				CLANG_WARN_NON_LITERAL_NULL_CONVERSION = YES;
				CLANG_WARN_OBJC_IMPLICIT_RETAIN_SELF = YES;
				CLANG_WARN_OBJC_LITERAL_CONVERSION = YES;
				CLANG_WARN_OBJC_ROOT_CLASS = YES_ERROR;
				CLANG_WARN_RANGE_LOOP_ANALYSIS = YES;
				CLANG_WARN_STRICT_PROTOTYPES = YES;
				CLANG_WARN_SUSPICIOUS_MOVE = YES;
				CLANG_WARN_UNGUARDED_AVAILABILITY = YES_AGGRESSIVE;
				CLANG_WARN_UNREACHABLE_CODE = YES;
				CLANG_WARN__DUPLICATE_METHOD_MATCH = YES;
				CODE_SIGN_IDENTITY = "iPhone Developer";
				COPY_PHASE_STRIP = NO;
				DEBUG_INFORMATION_FORMAT = dwarf;
				ENABLE_STRICT_OBJC_MSGSEND = YES;
				ENABLE_TESTABILITY = YES;
				GCC_C_LANGUAGE_STANDARD = gnu11;
				GCC_DYNAMIC_NO_PIC = NO;
				GCC_NO_COMMON_BLOCKS = YES;
				GCC_OPTIMIZATION_LEVEL = 0;
				GCC_PREPROCESSOR_DEFINITIONS = (
					"DEBUG=1",
					"$(inherited)",
				);
				GCC_WARN_64_TO_32_BIT_CONVERSION = YES;
				GCC_WARN_ABOUT_RETURN_TYPE = YES_ERROR;
				GCC_WARN_UNDECLARED_SELECTOR = YES;
				GCC_WARN_UNINITIALIZED_AUTOS = YES_AGGRESSIVE;
				GCC_WARN_UNUSED_FUNCTION = YES;
				GCC_WARN_UNUSED_VARIABLE = YES;
				IPHONEOS_DEPLOYMENT_TARGET = 12.1;
				MTL_ENABLE_DEBUG_INFO = INCLUDE_SOURCE;
				MTL_FAST_MATH = YES;
				ONLY_ACTIVE_ARCH = YES;
				SDKROOT = iphoneos;
				SWIFT_ACTIVE_COMPILATION_CONDITIONS = DEBUG;
				SWIFT_OPTIMIZATION_LEVEL = "-Onone";
			};
			name = Debug;
		};
		BAF1AE2021D7D4400000ACC7 /* Release */ = {
			isa = XCBuildConfiguration;
			buildSettings = {
				ALWAYS_SEARCH_USER_PATHS = NO;
				CLANG_ANALYZER_NONNULL = YES;
				CLANG_ANALYZER_NUMBER_OBJECT_CONVERSION = YES_AGGRESSIVE;
				CLANG_CXX_LANGUAGE_STANDARD = "gnu++14";
				CLANG_CXX_LIBRARY = "libc++";
				CLANG_ENABLE_MODULES = YES;
				CLANG_ENABLE_OBJC_ARC = YES;
				CLANG_ENABLE_OBJC_WEAK = YES;
				CLANG_WARN_BLOCK_CAPTURE_AUTORELEASING = YES;
				CLANG_WARN_BOOL_CONVERSION = YES;
				CLANG_WARN_COMMA = YES;
				CLANG_WARN_CONSTANT_CONVERSION = YES;
				CLANG_WARN_DEPRECATED_OBJC_IMPLEMENTATIONS = YES;
				CLANG_WARN_DIRECT_OBJC_ISA_USAGE = YES_ERROR;
				CLANG_WARN_DOCUMENTATION_COMMENTS = YES;
				CLANG_WARN_EMPTY_BODY = YES;
				CLANG_WARN_ENUM_CONVERSION = YES;
				CLANG_WARN_INFINITE_RECURSION = YES;
				CLANG_WARN_INT_CONVERSION = YES;
				CLANG_WARN_NON_LITERAL_NULL_CONVERSION = YES;
				CLANG_WARN_OBJC_IMPLICIT_RETAIN_SELF = YES;
				CLANG_WARN_OBJC_LITERAL_CONVERSION = YES;
				CLANG_WARN_OBJC_ROOT_CLASS = YES_ERROR;
				CLANG_WARN_RANGE_LOOP_ANALYSIS = YES;
				CLANG_WARN_STRICT_PROTOTYPES = YES;
				CLANG_WARN_SUSPICIOUS_MOVE = YES;
				CLANG_WARN_UNGUARDED_AVAILABILITY = YES_AGGRESSIVE;
				CLANG_WARN_UNREACHABLE_CODE = YES;
				CLANG_WARN__DUPLICATE_METHOD_MATCH = YES;
				CODE_SIGN_IDENTITY = "iPhone Developer";
				COPY_PHASE_STRIP = NO;
				DEBUG_INFORMATION_FORMAT = "dwarf-with-dsym";
				ENABLE_NS_ASSERTIONS = NO;
				ENABLE_STRICT_OBJC_MSGSEND = YES;
				GCC_C_LANGUAGE_STANDARD = gnu11;
				GCC_NO_COMMON_BLOCKS = YES;
				GCC_WARN_64_TO_32_BIT_CONVERSION = YES;
				GCC_WARN_ABOUT_RETURN_TYPE = YES_ERROR;
				GCC_WARN_UNDECLARED_SELECTOR = YES;
				GCC_WARN_UNINITIALIZED_AUTOS = YES_AGGRESSIVE;
				GCC_WARN_UNUSED_FUNCTION = YES;
				GCC_WARN_UNUSED_VARIABLE = YES;
				IPHONEOS_DEPLOYMENT_TARGET = 12.1;
				MTL_ENABLE_DEBUG_INFO = NO;
				MTL_FAST_MATH = YES;
				SDKROOT = iphoneos;
				SWIFT_COMPILATION_MODE = wholemodule;
				SWIFT_OPTIMIZATION_LEVEL = "-O";
				VALIDATE_PRODUCT = YES;
			};
			name = Release;
		};
		BAF1AE2221D7D4400000ACC7 /* Debug */ = {
			isa = XCBuildConfiguration;
			baseConfigurationReference = 077F4DE789DE3E1AB894AFE3 /* Pods-simplemap.debug.xcconfig */;
			buildSettings = {
				ASSETCATALOG_COMPILER_APPICON_NAME = AppIcon;
				CODE_SIGN_STYLE = Automatic;
				DEVELOPMENT_TEAM = C9QT66NNBA;
				FRAMEWORK_SEARCH_PATHS = (
					"$(inherited)",
					"$(PROJECT_DIR)",
				);
				INFOPLIST_FILE = simplemap/Info.plist;
				IPHONEOS_DEPLOYMENT_TARGET = 10.0;
				LD_RUNPATH_SEARCH_PATHS = (
					"$(inherited)",
					"@executable_path/Frameworks",
				);
				LIBRARY_SEARCH_PATHS = "";
				PRODUCT_BUNDLE_IDENTIFIER = vn.map4d.simplemap;
				PRODUCT_NAME = "$(TARGET_NAME)";
				SWIFT_VERSION = 4.2;
				TARGETED_DEVICE_FAMILY = "1,2";
			};
			name = Debug;
		};
		BAF1AE2321D7D4400000ACC7 /* Release */ = {
			isa = XCBuildConfiguration;
			baseConfigurationReference = 82298840C140F0E485C1D55A /* Pods-simplemap.release.xcconfig */;
			buildSettings = {
				ASSETCATALOG_COMPILER_APPICON_NAME = AppIcon;
				CODE_SIGN_STYLE = Automatic;
				DEVELOPMENT_TEAM = C9QT66NNBA;
				FRAMEWORK_SEARCH_PATHS = (
					"$(inherited)",
					"$(PROJECT_DIR)",
				);
				INFOPLIST_FILE = simplemap/Info.plist;
				IPHONEOS_DEPLOYMENT_TARGET = 10.0;
				LD_RUNPATH_SEARCH_PATHS = (
					"$(inherited)",
					"@executable_path/Frameworks",
				);
				LIBRARY_SEARCH_PATHS = "";
				PRODUCT_BUNDLE_IDENTIFIER = vn.map4d.simplemap;
				PRODUCT_NAME = "$(TARGET_NAME)";
				SWIFT_VERSION = 4.2;
				TARGETED_DEVICE_FAMILY = "1,2";
			};
			name = Release;
		};
/* End XCBuildConfiguration section */

/* Begin XCConfigurationList section */
		BAF1AE0A21D7D43F0000ACC7 /* Build configuration list for PBXProject "simplemap" */ = {
			isa = XCConfigurationList;
			buildConfigurations = (
				BAF1AE1F21D7D4400000ACC7 /* Debug */,
				BAF1AE2021D7D4400000ACC7 /* Release */,
			);
			defaultConfigurationIsVisible = 0;
			defaultConfigurationName = Release;
		};
		BAF1AE2121D7D4400000ACC7 /* Build configuration list for PBXNativeTarget "simplemap" */ = {
			isa = XCConfigurationList;
			buildConfigurations = (
				BAF1AE2221D7D4400000ACC7 /* Debug */,
				BAF1AE2321D7D4400000ACC7 /* Release */,
			);
			defaultConfigurationIsVisible = 0;
			defaultConfigurationName = Release;
		};
/* End XCConfigurationList section */
	};
	rootObject = BAF1AE0721D7D43F0000ACC7 /* Project object */;
}
