// !$*UTF8*$!
{
	archiveVersion = 1;
	classes = {
	};
	objectVersion = 51;
	objects = {

/* Begin PBXBuildFile section */
		04C4659225C805A400FEC8F5 /* POIViewController.storyboard in Resources */ = {isa = PBXBuildFile; fileRef = 04C4659125C805A400FEC8F5 /* POIViewController.storyboard */; };
		04C4659625C805C200FEC8F5 /* POIViewController.m in Sources */ = {isa = PBXBuildFile; fileRef = 04C4659525C805C200FEC8F5 /* POIViewController.m */; };
		04C465AD25C80B9300FEC8F5 /* BuildingViewController.m in Sources */ = {isa = PBXBuildFile; fileRef = 04C465AC25C80B9300FEC8F5 /* BuildingViewController.m */; };
		04CCDC7325C904DA003EB491 /* BuildingViewController.storyboard in Resources */ = {isa = PBXBuildFile; fileRef = 04CCDC7225C904DA003EB491 /* BuildingViewController.storyboard */; };
		04CCDC7825C90B89003EB491 /* MarkerViewController.m in Sources */ = {isa = PBXBuildFile; fileRef = 04CCDC7725C90B89003EB491 /* MarkerViewController.m */; };
		04CCDC7B25C90C8A003EB491 /* MarkerViewController.storyboard in Resources */ = {isa = PBXBuildFile; fileRef = 04CCDC7A25C90C8A003EB491 /* MarkerViewController.storyboard */; };
		04CCDC8025C9400A003EB491 /* PolylineViewController.storyboard in Resources */ = {isa = PBXBuildFile; fileRef = 04CCDC7F25C9400A003EB491 /* PolylineViewController.storyboard */; };
		04CCDC8425C94020003EB491 /* PolylineViewController.m in Sources */ = {isa = PBXBuildFile; fileRef = 04CCDC8325C94020003EB491 /* PolylineViewController.m */; };
		04CCDC8925C94615003EB491 /* PolygonViewController.storyboard in Resources */ = {isa = PBXBuildFile; fileRef = 04CCDC8825C94614003EB491 /* PolygonViewController.storyboard */; };
		04CCDC8E25C9463E003EB491 /* PolygonViewController.m in Sources */ = {isa = PBXBuildFile; fileRef = 04CCDC8D25C9463E003EB491 /* PolygonViewController.m */; };
		04CCDCA025C94815003EB491 /* CircleViewController.storyboard in Resources */ = {isa = PBXBuildFile; fileRef = 04CCDC9F25C94815003EB491 /* CircleViewController.storyboard */; };
		04CCDCA425C94828003EB491 /* CircleViewController.m in Sources */ = {isa = PBXBuildFile; fileRef = 04CCDCA325C94828003EB491 /* CircleViewController.m */; };
		04CCDCA925C94A37003EB491 /* SettingViewController.storyboard in Resources */ = {isa = PBXBuildFile; fileRef = 04CCDCA825C94A37003EB491 /* SettingViewController.storyboard */; };
		04CCDCAD25C94A47003EB491 /* SettingViewController.m in Sources */ = {isa = PBXBuildFile; fileRef = 04CCDCAC25C94A47003EB491 /* SettingViewController.m */; };
		44903E8125BECA03003B0689 /* AppDelegate.m in Sources */ = {isa = PBXBuildFile; fileRef = 44903E8025BECA03003B0689 /* AppDelegate.m */; };
		44903E8725BECA03003B0689 /* ViewController.m in Sources */ = {isa = PBXBuildFile; fileRef = 44903E8625BECA03003B0689 /* ViewController.m */; };
		44903E8A25BECA03003B0689 /* Main.storyboard in Resources */ = {isa = PBXBuildFile; fileRef = 44903E8825BECA03003B0689 /* Main.storyboard */; };
		44903E8C25BECA04003B0689 /* Assets.xcassets in Resources */ = {isa = PBXBuildFile; fileRef = 44903E8B25BECA04003B0689 /* Assets.xcassets */; };
		44903E8F25BECA04003B0689 /* LaunchScreen.storyboard in Resources */ = {isa = PBXBuildFile; fileRef = 44903E8D25BECA04003B0689 /* LaunchScreen.storyboard */; };
		44903E9225BECA04003B0689 /* main.m in Sources */ = {isa = PBXBuildFile; fileRef = 44903E9125BECA04003B0689 /* main.m */; };
		44903EA125BECB74003B0689 /* TileOverlayViewController.m in Sources */ = {isa = PBXBuildFile; fileRef = 44903EA025BECB74003B0689 /* TileOverlayViewController.m */; };
		44903EA425BECB94003B0689 /* TileOverlay.storyboard in Resources */ = {isa = PBXBuildFile; fileRef = 44903EA325BECB94003B0689 /* TileOverlay.storyboard */; };
		44DE81A425C1014800DE4CE4 /* TileURLConstructor.m in Sources */ = {isa = PBXBuildFile; fileRef = 44DE81A325C1014800DE4CE4 /* TileURLConstructor.m */; };
		44DE81B425C125D200DE4CE4 /* GroundOverlayViewController.m in Sources */ = {isa = PBXBuildFile; fileRef = 44DE81B325C125D200DE4CE4 /* GroundOverlayViewController.m */; };
		44DE81BA25C1262A00DE4CE4 /* GroundURLConstructor.m in Sources */ = {isa = PBXBuildFile; fileRef = 44DE81B925C1262A00DE4CE4 /* GroundURLConstructor.m */; };
		44DE81BD25C127A600DE4CE4 /* GroundOverlay.storyboard in Resources */ = {isa = PBXBuildFile; fileRef = 44DE81BC25C127A600DE4CE4 /* GroundOverlay.storyboard */; };
		44DE81CC25C165C900DE4CE4 /* POIOverlay.storyboard in Resources */ = {isa = PBXBuildFile; fileRef = 44DE81CB25C165C900DE4CE4 /* POIOverlay.storyboard */; };
		44DE81D025C165F500DE4CE4 /* POIOverlayViewController.m in Sources */ = {isa = PBXBuildFile; fileRef = 44DE81CF25C165F500DE4CE4 /* POIOverlayViewController.m */; };
		44DE81D525C1669B00DE4CE4 /* POIURLConstructor.m in Sources */ = {isa = PBXBuildFile; fileRef = 44DE81D425C1669B00DE4CE4 /* POIURLConstructor.m */; };
		44DE81E625C29DF200DE4CE4 /* BuildingOverlayViewController.m in Sources */ = {isa = PBXBuildFile; fileRef = 44DE81E525C29DF200DE4CE4 /* BuildingOverlayViewController.m */; };
		44DE81EA25C29E4100DE4CE4 /* BuildingOverlay.storyboard in Resources */ = {isa = PBXBuildFile; fileRef = 44DE81E925C29E4100DE4CE4 /* BuildingOverlay.storyboard */; };
		44DE81EF25C29FD300DE4CE4 /* BuildingURLConstructor.m in Sources */ = {isa = PBXBuildFile; fileRef = 44DE81EE25C29FD300DE4CE4 /* BuildingURLConstructor.m */; };
		44F7C1AB25C9062C00E25914 /* Collection.storyboard in Resources */ = {isa = PBXBuildFile; fileRef = 44F7C1AA25C9062C00E25914 /* Collection.storyboard */; };
		44F7C1AF25C9066100E25914 /* CollectionViewController.m in Sources */ = {isa = PBXBuildFile; fileRef = 44F7C1AE25C9066100E25914 /* CollectionViewController.m */; };
		44F7C1B425C9086D00E25914 /* CollectionTableCell.m in Sources */ = {isa = PBXBuildFile; fileRef = 44F7C1B325C9086D00E25914 /* CollectionTableCell.m */; };
		44F7C1BA25C90D0600E25914 /* CellItem.m in Sources */ = {isa = PBXBuildFile; fileRef = 44F7C1B925C90D0600E25914 /* CellItem.m */; };
		44F7C1C225CA802F00E25914 /* Delegate.storyboard in Resources */ = {isa = PBXBuildFile; fileRef = 44F7C1C125CA802F00E25914 /* Delegate.storyboard */; };
		44F7C1C725CA804C00E25914 /* DelegateViewController.m in Sources */ = {isa = PBXBuildFile; fileRef = 44F7C1C625CA804C00E25914 /* DelegateViewController.m */; };
		82B54A92D1F3838BB1744F0A /* Pods_ios_sdk_examples_objc.framework in Frameworks */ = {isa = PBXBuildFile; fileRef = 4A93377437756845784B2BDC /* Pods_ios_sdk_examples_objc.framework */; };
/* End PBXBuildFile section */

/* Begin PBXFileReference section */
		04C4659125C805A400FEC8F5 /* POIViewController.storyboard */ = {isa = PBXFileReference; fileEncoding = 4; lastKnownFileType = file.storyboard; path = POIViewController.storyboard; sourceTree = "<group>"; };
		04C4659525C805C200FEC8F5 /* POIViewController.m */ = {isa = PBXFileReference; lastKnownFileType = sourcecode.c.objc; path = POIViewController.m; sourceTree = "<group>"; };
		04C465A225C80B2400FEC8F5 /* POIViewController.h */ = {isa = PBXFileReference; lastKnownFileType = sourcecode.c.h; path = POIViewController.h; sourceTree = "<group>"; };
		04C465AB25C80B9300FEC8F5 /* BuildingViewController.h */ = {isa = PBXFileReference; lastKnownFileType = sourcecode.c.h; path = BuildingViewController.h; sourceTree = "<group>"; };
		04C465AC25C80B9300FEC8F5 /* BuildingViewController.m */ = {isa = PBXFileReference; lastKnownFileType = sourcecode.c.objc; path = BuildingViewController.m; sourceTree = "<group>"; };
		04CCDC7225C904DA003EB491 /* BuildingViewController.storyboard */ = {isa = PBXFileReference; fileEncoding = 4; lastKnownFileType = file.storyboard; path = BuildingViewController.storyboard; sourceTree = "<group>"; };
		04CCDC7625C90B89003EB491 /* MarkerViewController.h */ = {isa = PBXFileReference; lastKnownFileType = sourcecode.c.h; path = MarkerViewController.h; sourceTree = "<group>"; };
		04CCDC7725C90B89003EB491 /* MarkerViewController.m */ = {isa = PBXFileReference; lastKnownFileType = sourcecode.c.objc; path = MarkerViewController.m; sourceTree = "<group>"; };
		04CCDC7A25C90C8A003EB491 /* MarkerViewController.storyboard */ = {isa = PBXFileReference; fileEncoding = 4; lastKnownFileType = file.storyboard; path = MarkerViewController.storyboard; sourceTree = "<group>"; };
		04CCDC7F25C9400A003EB491 /* PolylineViewController.storyboard */ = {isa = PBXFileReference; fileEncoding = 4; lastKnownFileType = file.storyboard; path = PolylineViewController.storyboard; sourceTree = "<group>"; };
		04CCDC8225C94020003EB491 /* PolylineViewController.h */ = {isa = PBXFileReference; lastKnownFileType = sourcecode.c.h; path = PolylineViewController.h; sourceTree = "<group>"; };
		04CCDC8325C94020003EB491 /* PolylineViewController.m */ = {isa = PBXFileReference; lastKnownFileType = sourcecode.c.objc; path = PolylineViewController.m; sourceTree = "<group>"; };
		04CCDC8825C94614003EB491 /* PolygonViewController.storyboard */ = {isa = PBXFileReference; fileEncoding = 4; lastKnownFileType = file.storyboard; path = PolygonViewController.storyboard; sourceTree = "<group>"; };
		04CCDC8C25C9463E003EB491 /* PolygonViewController.h */ = {isa = PBXFileReference; lastKnownFileType = sourcecode.c.h; path = PolygonViewController.h; sourceTree = "<group>"; };
		04CCDC8D25C9463E003EB491 /* PolygonViewController.m */ = {isa = PBXFileReference; lastKnownFileType = sourcecode.c.objc; path = PolygonViewController.m; sourceTree = "<group>"; };
		04CCDC9F25C94815003EB491 /* CircleViewController.storyboard */ = {isa = PBXFileReference; fileEncoding = 4; lastKnownFileType = file.storyboard; path = CircleViewController.storyboard; sourceTree = "<group>"; };
		04CCDCA225C94828003EB491 /* CircleViewController.h */ = {isa = PBXFileReference; lastKnownFileType = sourcecode.c.h; path = CircleViewController.h; sourceTree = "<group>"; };
		04CCDCA325C94828003EB491 /* CircleViewController.m */ = {isa = PBXFileReference; lastKnownFileType = sourcecode.c.objc; path = CircleViewController.m; sourceTree = "<group>"; };
		04CCDCA825C94A37003EB491 /* SettingViewController.storyboard */ = {isa = PBXFileReference; fileEncoding = 4; lastKnownFileType = file.storyboard; path = SettingViewController.storyboard; sourceTree = "<group>"; };
		04CCDCAB25C94A47003EB491 /* SettingViewController.h */ = {isa = PBXFileReference; lastKnownFileType = sourcecode.c.h; path = SettingViewController.h; sourceTree = "<group>"; };
		04CCDCAC25C94A47003EB491 /* SettingViewController.m */ = {isa = PBXFileReference; lastKnownFileType = sourcecode.c.objc; path = SettingViewController.m; sourceTree = "<group>"; };
		44903E7C25BECA03003B0689 /* ios-sdk-examples-objc.app */ = {isa = PBXFileReference; explicitFileType = wrapper.application; includeInIndex = 0; path = "ios-sdk-examples-objc.app"; sourceTree = BUILT_PRODUCTS_DIR; };
		44903E7F25BECA03003B0689 /* AppDelegate.h */ = {isa = PBXFileReference; lastKnownFileType = sourcecode.c.h; path = AppDelegate.h; sourceTree = "<group>"; };
		44903E8025BECA03003B0689 /* AppDelegate.m */ = {isa = PBXFileReference; lastKnownFileType = sourcecode.c.objc; path = AppDelegate.m; sourceTree = "<group>"; };
		44903E8525BECA03003B0689 /* ViewController.h */ = {isa = PBXFileReference; lastKnownFileType = sourcecode.c.h; path = ViewController.h; sourceTree = "<group>"; };
		44903E8625BECA03003B0689 /* ViewController.m */ = {isa = PBXFileReference; lastKnownFileType = sourcecode.c.objc; path = ViewController.m; sourceTree = "<group>"; };
		44903E8925BECA03003B0689 /* Base */ = {isa = PBXFileReference; lastKnownFileType = file.storyboard; name = Base; path = Base.lproj/Main.storyboard; sourceTree = "<group>"; };
		44903E8B25BECA04003B0689 /* Assets.xcassets */ = {isa = PBXFileReference; lastKnownFileType = folder.assetcatalog; path = Assets.xcassets; sourceTree = "<group>"; };
		44903E8E25BECA04003B0689 /* Base */ = {isa = PBXFileReference; lastKnownFileType = file.storyboard; name = Base; path = Base.lproj/LaunchScreen.storyboard; sourceTree = "<group>"; };
		44903E9025BECA04003B0689 /* Info.plist */ = {isa = PBXFileReference; lastKnownFileType = text.plist.xml; path = Info.plist; sourceTree = "<group>"; };
		44903E9125BECA04003B0689 /* main.m */ = {isa = PBXFileReference; lastKnownFileType = sourcecode.c.objc; path = main.m; sourceTree = "<group>"; };
		44903E9E25BECB1C003B0689 /* TileOverlayViewController.h */ = {isa = PBXFileReference; lastKnownFileType = sourcecode.c.h; path = TileOverlayViewController.h; sourceTree = "<group>"; };
		44903EA025BECB74003B0689 /* TileOverlayViewController.m */ = {isa = PBXFileReference; lastKnownFileType = sourcecode.c.objc; path = TileOverlayViewController.m; sourceTree = "<group>"; };
		44903EA325BECB94003B0689 /* TileOverlay.storyboard */ = {isa = PBXFileReference; lastKnownFileType = file.storyboard; path = TileOverlay.storyboard; sourceTree = "<group>"; };
		44DE81A225C1012400DE4CE4 /* TileURLConstructor.h */ = {isa = PBXFileReference; lastKnownFileType = sourcecode.c.h; path = TileURLConstructor.h; sourceTree = "<group>"; };
		44DE81A325C1014800DE4CE4 /* TileURLConstructor.m */ = {isa = PBXFileReference; lastKnownFileType = sourcecode.c.objc; path = TileURLConstructor.m; sourceTree = "<group>"; };
		44DE81B225C125B000DE4CE4 /* GroundOverlayViewController.h */ = {isa = PBXFileReference; lastKnownFileType = sourcecode.c.h; path = GroundOverlayViewController.h; sourceTree = "<group>"; };
		44DE81B325C125D200DE4CE4 /* GroundOverlayViewController.m */ = {isa = PBXFileReference; lastKnownFileType = sourcecode.c.objc; path = GroundOverlayViewController.m; sourceTree = "<group>"; };
		44DE81B725C125EF00DE4CE4 /* GroundURLConstructor.h */ = {isa = PBXFileReference; lastKnownFileType = sourcecode.c.h; path = GroundURLConstructor.h; sourceTree = "<group>"; };
		44DE81B925C1262A00DE4CE4 /* GroundURLConstructor.m */ = {isa = PBXFileReference; lastKnownFileType = sourcecode.c.objc; path = GroundURLConstructor.m; sourceTree = "<group>"; };
		44DE81BC25C127A600DE4CE4 /* GroundOverlay.storyboard */ = {isa = PBXFileReference; lastKnownFileType = file.storyboard; path = GroundOverlay.storyboard; sourceTree = "<group>"; };
		44DE81CB25C165C900DE4CE4 /* POIOverlay.storyboard */ = {isa = PBXFileReference; lastKnownFileType = file.storyboard; path = POIOverlay.storyboard; sourceTree = "<group>"; };
		44DE81CE25C165E900DE4CE4 /* POIOverlayViewController.h */ = {isa = PBXFileReference; lastKnownFileType = sourcecode.c.h; path = POIOverlayViewController.h; sourceTree = "<group>"; };
		44DE81CF25C165F500DE4CE4 /* POIOverlayViewController.m */ = {isa = PBXFileReference; lastKnownFileType = sourcecode.c.objc; path = POIOverlayViewController.m; sourceTree = "<group>"; };
		44DE81D325C1669200DE4CE4 /* POIURLConstructor.h */ = {isa = PBXFileReference; lastKnownFileType = sourcecode.c.h; path = POIURLConstructor.h; sourceTree = "<group>"; };
		44DE81D425C1669B00DE4CE4 /* POIURLConstructor.m */ = {isa = PBXFileReference; lastKnownFileType = sourcecode.c.objc; path = POIURLConstructor.m; sourceTree = "<group>"; };
		44DE81E425C29DE800DE4CE4 /* BuildingOverlayViewController.h */ = {isa = PBXFileReference; lastKnownFileType = sourcecode.c.h; path = BuildingOverlayViewController.h; sourceTree = "<group>"; };
		44DE81E525C29DF200DE4CE4 /* BuildingOverlayViewController.m */ = {isa = PBXFileReference; lastKnownFileType = sourcecode.c.objc; path = BuildingOverlayViewController.m; sourceTree = "<group>"; };
		44DE81E925C29E4100DE4CE4 /* BuildingOverlay.storyboard */ = {isa = PBXFileReference; lastKnownFileType = file.storyboard; path = BuildingOverlay.storyboard; sourceTree = "<group>"; };
		44DE81EC25C29FCA00DE4CE4 /* BuildingURLConstructor.h */ = {isa = PBXFileReference; lastKnownFileType = sourcecode.c.h; path = BuildingURLConstructor.h; sourceTree = "<group>"; };
		44DE81EE25C29FD300DE4CE4 /* BuildingURLConstructor.m */ = {isa = PBXFileReference; lastKnownFileType = sourcecode.c.objc; path = BuildingURLConstructor.m; sourceTree = "<group>"; };
		44F7C1AA25C9062C00E25914 /* Collection.storyboard */ = {isa = PBXFileReference; lastKnownFileType = file.storyboard; path = Collection.storyboard; sourceTree = "<group>"; };
		44F7C1AD25C9064900E25914 /* CollectionViewController.h */ = {isa = PBXFileReference; lastKnownFileType = sourcecode.c.h; path = CollectionViewController.h; sourceTree = "<group>"; };
		44F7C1AE25C9066100E25914 /* CollectionViewController.m */ = {isa = PBXFileReference; lastKnownFileType = sourcecode.c.objc; path = CollectionViewController.m; sourceTree = "<group>"; };
		44F7C1B225C9086300E25914 /* CollectionTableCell.h */ = {isa = PBXFileReference; lastKnownFileType = sourcecode.c.h; path = CollectionTableCell.h; sourceTree = "<group>"; };
		44F7C1B325C9086D00E25914 /* CollectionTableCell.m */ = {isa = PBXFileReference; lastKnownFileType = sourcecode.c.objc; path = CollectionTableCell.m; sourceTree = "<group>"; };
		44F7C1B725C90C8C00E25914 /* CellItem.h */ = {isa = PBXFileReference; lastKnownFileType = sourcecode.c.h; path = CellItem.h; sourceTree = "<group>"; };
		44F7C1B925C90D0600E25914 /* CellItem.m */ = {isa = PBXFileReference; lastKnownFileType = sourcecode.c.objc; path = CellItem.m; sourceTree = "<group>"; };
		44F7C1C125CA802F00E25914 /* Delegate.storyboard */ = {isa = PBXFileReference; lastKnownFileType = file.storyboard; path = Delegate.storyboard; sourceTree = "<group>"; };
		44F7C1C425CA804100E25914 /* DelegateViewController.h */ = {isa = PBXFileReference; lastKnownFileType = sourcecode.c.h; path = DelegateViewController.h; sourceTree = "<group>"; };
		44F7C1C625CA804C00E25914 /* DelegateViewController.m */ = {isa = PBXFileReference; lastKnownFileType = sourcecode.c.objc; path = DelegateViewController.m; sourceTree = "<group>"; };
		4A93377437756845784B2BDC /* Pods_ios_sdk_examples_objc.framework */ = {isa = PBXFileReference; explicitFileType = wrapper.framework; includeInIndex = 0; path = Pods_ios_sdk_examples_objc.framework; sourceTree = BUILT_PRODUCTS_DIR; };
		D42C4199EDFAC79889B0BBFB /* Pods-ios-sdk-examples-objc.release.xcconfig */ = {isa = PBXFileReference; includeInIndex = 1; lastKnownFileType = text.xcconfig; name = "Pods-ios-sdk-examples-objc.release.xcconfig"; path = "Target Support Files/Pods-ios-sdk-examples-objc/Pods-ios-sdk-examples-objc.release.xcconfig"; sourceTree = "<group>"; };
		E75F44A914C0C7811A0DA30D /* Pods-ios-sdk-examples-objc.debug.xcconfig */ = {isa = PBXFileReference; includeInIndex = 1; lastKnownFileType = text.xcconfig; name = "Pods-ios-sdk-examples-objc.debug.xcconfig"; path = "Target Support Files/Pods-ios-sdk-examples-objc/Pods-ios-sdk-examples-objc.debug.xcconfig"; sourceTree = "<group>"; };
/* End PBXFileReference section */

/* Begin PBXFrameworksBuildPhase section */
		44903E7925BECA03003B0689 /* Frameworks */ = {
			isa = PBXFrameworksBuildPhase;
			buildActionMask = 2147483647;
			files = (
				82B54A92D1F3838BB1744F0A /* Pods_ios_sdk_examples_objc.framework in Frameworks */,
			);
			runOnlyForDeploymentPostprocessing = 0;
		};
/* End PBXFrameworksBuildPhase section */

/* Begin PBXGroup section */
		04C4658F25C8053F00FEC8F5 /* Building */ = {
			isa = PBXGroup;
			children = (
				04CCDC7225C904DA003EB491 /* BuildingViewController.storyboard */,
				04C465AB25C80B9300FEC8F5 /* BuildingViewController.h */,
				04C465AC25C80B9300FEC8F5 /* BuildingViewController.m */,
			);
			path = Building;
			sourceTree = "<group>";
		};
		04C4659025C8058900FEC8F5 /* POI */ = {
			isa = PBXGroup;
			children = (
				04C4659125C805A400FEC8F5 /* POIViewController.storyboard */,
				04C4659525C805C200FEC8F5 /* POIViewController.m */,
				04C465A225C80B2400FEC8F5 /* POIViewController.h */,
			);
			path = POI;
			sourceTree = "<group>";
		};
		04CCDC7525C90B72003EB491 /* Marker */ = {
			isa = PBXGroup;
			children = (
				04CCDC7A25C90C8A003EB491 /* MarkerViewController.storyboard */,
				04CCDC7625C90B89003EB491 /* MarkerViewController.h */,
				04CCDC7725C90B89003EB491 /* MarkerViewController.m */,
			);
			path = Marker;
			sourceTree = "<group>";
		};
		04CCDC7E25C93FEC003EB491 /* Polyline */ = {
			isa = PBXGroup;
			children = (
				04CCDC7F25C9400A003EB491 /* PolylineViewController.storyboard */,
				04CCDC8225C94020003EB491 /* PolylineViewController.h */,
				04CCDC8325C94020003EB491 /* PolylineViewController.m */,
			);
			path = Polyline;
			sourceTree = "<group>";
		};
		04CCDC8725C94600003EB491 /* Polygon */ = {
			isa = PBXGroup;
			children = (
				04CCDC8825C94614003EB491 /* PolygonViewController.storyboard */,
				04CCDC8C25C9463E003EB491 /* PolygonViewController.h */,
				04CCDC8D25C9463E003EB491 /* PolygonViewController.m */,
			);
			path = Polygon;
			sourceTree = "<group>";
		};
		04CCDC9E25C947B4003EB491 /* Circle */ = {
			isa = PBXGroup;
			children = (
				04CCDC9F25C94815003EB491 /* CircleViewController.storyboard */,
				04CCDCA225C94828003EB491 /* CircleViewController.h */,
				04CCDCA325C94828003EB491 /* CircleViewController.m */,
			);
			path = Circle;
			sourceTree = "<group>";
		};
		04CCDCA725C94A09003EB491 /* Setting */ = {
			isa = PBXGroup;
			children = (
				04CCDCA825C94A37003EB491 /* SettingViewController.storyboard */,
				04CCDCAB25C94A47003EB491 /* SettingViewController.h */,
				04CCDCAC25C94A47003EB491 /* SettingViewController.m */,
			);
			path = Setting;
			sourceTree = "<group>";
		};
		44903E7325BECA02003B0689 = {
			isa = PBXGroup;
			children = (
				44903E7E25BECA03003B0689 /* ios-sdk-examples-objc */,
				44903E7D25BECA03003B0689 /* Products */,
				E0E93BB826084D1A98A2474D /* Pods */,
				D63C087C9B8B970C0EF1849C /* Frameworks */,
			);
			sourceTree = "<group>";
		};
		44903E7D25BECA03003B0689 /* Products */ = {
			isa = PBXGroup;
			children = (
				44903E7C25BECA03003B0689 /* ios-sdk-examples-objc.app */,
			);
			name = Products;
			sourceTree = "<group>";
		};
		44903E7E25BECA03003B0689 /* ios-sdk-examples-objc */ = {
			isa = PBXGroup;
			children = (
				44903E9C25BECAFD003B0689 /* Views */,
				44903E7F25BECA03003B0689 /* AppDelegate.h */,
				44903E8025BECA03003B0689 /* AppDelegate.m */,
				44903E8525BECA03003B0689 /* ViewController.h */,
				44903E8625BECA03003B0689 /* ViewController.m */,
				44903E8825BECA03003B0689 /* Main.storyboard */,
				44903E8B25BECA04003B0689 /* Assets.xcassets */,
				44903E8D25BECA04003B0689 /* LaunchScreen.storyboard */,
				44903E9025BECA04003B0689 /* Info.plist */,
				44903E9125BECA04003B0689 /* main.m */,
			);
			path = "ios-sdk-examples-objc";
			sourceTree = "<group>";
		};
		44903E9C25BECAFD003B0689 /* Views */ = {
			isa = PBXGroup;
			children = (
				44F7C1C025CA7FFB00E25914 /* Delegate */,
				44F7C1A925C905CF00E25914 /* Collection */,
				04CCDCA725C94A09003EB491 /* Setting */,
				04CCDC9E25C947B4003EB491 /* Circle */,
				04CCDC8725C94600003EB491 /* Polygon */,
				04CCDC7E25C93FEC003EB491 /* Polyline */,
				04CCDC7525C90B72003EB491 /* Marker */,
				04C4659025C8058900FEC8F5 /* POI */,
				04C4658F25C8053F00FEC8F5 /* Building */,
				44DE81E325C29DD200DE4CE4 /* BuildingOverlay */,
				44DE81CA25C165B200DE4CE4 /* POIOverlay */,
				44DE81A625C103A300DE4CE4 /* GroundOverlay */,
				44903E9D25BECB03003B0689 /* TileOverlay */,
			);
			path = Views;
			sourceTree = "<group>";
		};
		44903E9D25BECB03003B0689 /* TileOverlay */ = {
			isa = PBXGroup;
			children = (
				44903E9E25BECB1C003B0689 /* TileOverlayViewController.h */,
				44903EA025BECB74003B0689 /* TileOverlayViewController.m */,
				44903EA325BECB94003B0689 /* TileOverlay.storyboard */,
				44DE81A225C1012400DE4CE4 /* TileURLConstructor.h */,
				44DE81A325C1014800DE4CE4 /* TileURLConstructor.m */,
			);
			path = TileOverlay;
			sourceTree = "<group>";
		};
		44DE81A625C103A300DE4CE4 /* GroundOverlay */ = {
			isa = PBXGroup;
			children = (
				44DE81B225C125B000DE4CE4 /* GroundOverlayViewController.h */,
				44DE81B325C125D200DE4CE4 /* GroundOverlayViewController.m */,
				44DE81B725C125EF00DE4CE4 /* GroundURLConstructor.h */,
				44DE81B925C1262A00DE4CE4 /* GroundURLConstructor.m */,
				44DE81BC25C127A600DE4CE4 /* GroundOverlay.storyboard */,
			);
			path = GroundOverlay;
			sourceTree = "<group>";
		};
		44DE81CA25C165B200DE4CE4 /* POIOverlay */ = {
			isa = PBXGroup;
			children = (
				44DE81CB25C165C900DE4CE4 /* POIOverlay.storyboard */,
				44DE81CE25C165E900DE4CE4 /* POIOverlayViewController.h */,
				44DE81CF25C165F500DE4CE4 /* POIOverlayViewController.m */,
				44DE81D325C1669200DE4CE4 /* POIURLConstructor.h */,
				44DE81D425C1669B00DE4CE4 /* POIURLConstructor.m */,
			);
			path = POIOverlay;
			sourceTree = "<group>";
		};
		44DE81E325C29DD200DE4CE4 /* BuildingOverlay */ = {
			isa = PBXGroup;
			children = (
				44DE81E425C29DE800DE4CE4 /* BuildingOverlayViewController.h */,
				44DE81E525C29DF200DE4CE4 /* BuildingOverlayViewController.m */,
				44DE81E925C29E4100DE4CE4 /* BuildingOverlay.storyboard */,
				44DE81EC25C29FCA00DE4CE4 /* BuildingURLConstructor.h */,
				44DE81EE25C29FD300DE4CE4 /* BuildingURLConstructor.m */,
			);
			path = BuildingOverlay;
			sourceTree = "<group>";
		};
		44F7C1A925C905CF00E25914 /* Collection */ = {
			isa = PBXGroup;
			children = (
				44F7C1AA25C9062C00E25914 /* Collection.storyboard */,
				44F7C1AD25C9064900E25914 /* CollectionViewController.h */,
				44F7C1AE25C9066100E25914 /* CollectionViewController.m */,
				44F7C1B225C9086300E25914 /* CollectionTableCell.h */,
				44F7C1B325C9086D00E25914 /* CollectionTableCell.m */,
				44F7C1B725C90C8C00E25914 /* CellItem.h */,
				44F7C1B925C90D0600E25914 /* CellItem.m */,
			);
			path = Collection;
			sourceTree = "<group>";
		};
		44F7C1C025CA7FFB00E25914 /* Delegate */ = {
			isa = PBXGroup;
			children = (
				44F7C1C125CA802F00E25914 /* Delegate.storyboard */,
				44F7C1C425CA804100E25914 /* DelegateViewController.h */,
				44F7C1C625CA804C00E25914 /* DelegateViewController.m */,
			);
			path = Delegate;
			sourceTree = "<group>";
		};
		D63C087C9B8B970C0EF1849C /* Frameworks */ = {
			isa = PBXGroup;
			children = (
				4A93377437756845784B2BDC /* Pods_ios_sdk_examples_objc.framework */,
			);
			name = Frameworks;
			sourceTree = "<group>";
		};
		E0E93BB826084D1A98A2474D /* Pods */ = {
			isa = PBXGroup;
			children = (
				E75F44A914C0C7811A0DA30D /* Pods-ios-sdk-examples-objc.debug.xcconfig */,
				D42C4199EDFAC79889B0BBFB /* Pods-ios-sdk-examples-objc.release.xcconfig */,
			);
			path = Pods;
			sourceTree = "<group>";
		};
/* End PBXGroup section */

/* Begin PBXNativeTarget section */
		44903E7B25BECA03003B0689 /* ios-sdk-examples-objc */ = {
			isa = PBXNativeTarget;
			buildConfigurationList = 44903E9525BECA04003B0689 /* Build configuration list for PBXNativeTarget "ios-sdk-examples-objc" */;
			buildPhases = (
				BDC509FD28DEB6992FD952E0 /* [CP] Check Pods Manifest.lock */,
				44903E7825BECA03003B0689 /* Sources */,
				44903E7925BECA03003B0689 /* Frameworks */,
				44903E7A25BECA03003B0689 /* Resources */,
				267378F46A2FFED55731AB8A /* [CP] Embed Pods Frameworks */,
			);
			buildRules = (
			);
			dependencies = (
			);
			name = "ios-sdk-examples-objc";
			productName = "ios-sdk-examples-objc";
			productReference = 44903E7C25BECA03003B0689 /* ios-sdk-examples-objc.app */;
			productType = "com.apple.product-type.application";
		};
/* End PBXNativeTarget section */

/* Begin PBXProject section */
		44903E7425BECA02003B0689 /* Project object */ = {
			isa = PBXProject;
			attributes = {
				LastUpgradeCheck = 1230;
				TargetAttributes = {
					44903E7B25BECA03003B0689 = {
						CreatedOnToolsVersion = 12.3;
					};
				};
			};
			buildConfigurationList = 44903E7725BECA02003B0689 /* Build configuration list for PBXProject "ios-sdk-examples-objc" */;
			compatibilityVersion = "Xcode 9.3";
			developmentRegion = en;
			hasScannedForEncodings = 0;
			knownRegions = (
				en,
				Base,
			);
			mainGroup = 44903E7325BECA02003B0689;
			productRefGroup = 44903E7D25BECA03003B0689 /* Products */;
			projectDirPath = "";
			projectRoot = "";
			targets = (
				44903E7B25BECA03003B0689 /* ios-sdk-examples-objc */,
			);
		};
/* End PBXProject section */

/* Begin PBXResourcesBuildPhase section */
		44903E7A25BECA03003B0689 /* Resources */ = {
			isa = PBXResourcesBuildPhase;
			buildActionMask = 2147483647;
			files = (
				44F7C1AB25C9062C00E25914 /* Collection.storyboard in Resources */,
				04CCDC7325C904DA003EB491 /* BuildingViewController.storyboard in Resources */,
				04CCDC8925C94615003EB491 /* PolygonViewController.storyboard in Resources */,
				04CCDC8025C9400A003EB491 /* PolylineViewController.storyboard in Resources */,
				04CCDCA925C94A37003EB491 /* SettingViewController.storyboard in Resources */,
				44F7C1C225CA802F00E25914 /* Delegate.storyboard in Resources */,
				44903E8F25BECA04003B0689 /* LaunchScreen.storyboard in Resources */,
				44DE81BD25C127A600DE4CE4 /* GroundOverlay.storyboard in Resources */,
				04C4659225C805A400FEC8F5 /* POIViewController.storyboard in Resources */,
				44DE81CC25C165C900DE4CE4 /* POIOverlay.storyboard in Resources */,
				44903EA425BECB94003B0689 /* TileOverlay.storyboard in Resources */,
				44DE81EA25C29E4100DE4CE4 /* BuildingOverlay.storyboard in Resources */,
				44903E8C25BECA04003B0689 /* Assets.xcassets in Resources */,
				04CCDCA025C94815003EB491 /* CircleViewController.storyboard in Resources */,
				04CCDC7B25C90C8A003EB491 /* MarkerViewController.storyboard in Resources */,
				44903E8A25BECA03003B0689 /* Main.storyboard in Resources */,
			);
			runOnlyForDeploymentPostprocessing = 0;
		};
/* End PBXResourcesBuildPhase section */

/* Begin PBXShellScriptBuildPhase section */
		267378F46A2FFED55731AB8A /* [CP] Embed Pods Frameworks */ = {
			isa = PBXShellScriptBuildPhase;
			buildActionMask = 2147483647;
			files = (
			);
			inputFileListPaths = (
				"${PODS_ROOT}/Target Support Files/Pods-ios-sdk-examples-objc/Pods-ios-sdk-examples-objc-frameworks-${CONFIGURATION}-input-files.xcfilelist",
			);
			name = "[CP] Embed Pods Frameworks";
			outputFileListPaths = (
				"${PODS_ROOT}/Target Support Files/Pods-ios-sdk-examples-objc/Pods-ios-sdk-examples-objc-frameworks-${CONFIGURATION}-output-files.xcfilelist",
			);
			runOnlyForDeploymentPostprocessing = 0;
			shellPath = /bin/sh;
			shellScript = "\"${PODS_ROOT}/Target Support Files/Pods-ios-sdk-examples-objc/Pods-ios-sdk-examples-objc-frameworks.sh\"\n";
			showEnvVarsInLog = 0;
		};
		BDC509FD28DEB6992FD952E0 /* [CP] Check Pods Manifest.lock */ = {
			isa = PBXShellScriptBuildPhase;
			buildActionMask = 2147483647;
			files = (
			);
			inputFileListPaths = (
			);
			inputPaths = (
				"${PODS_PODFILE_DIR_PATH}/Podfile.lock",
				"${PODS_ROOT}/Manifest.lock",
			);
			name = "[CP] Check Pods Manifest.lock";
			outputFileListPaths = (
			);
			outputPaths = (
				"$(DERIVED_FILE_DIR)/Pods-ios-sdk-examples-objc-checkManifestLockResult.txt",
			);
			runOnlyForDeploymentPostprocessing = 0;
			shellPath = /bin/sh;
			shellScript = "diff \"${PODS_PODFILE_DIR_PATH}/Podfile.lock\" \"${PODS_ROOT}/Manifest.lock\" > /dev/null\nif [ $? != 0 ] ; then\n    # print error to STDERR\n    echo \"error: The sandbox is not in sync with the Podfile.lock. Run 'pod install' or update your CocoaPods installation.\" >&2\n    exit 1\nfi\n# This output is used by Xcode 'outputs' to avoid re-running this script phase.\necho \"SUCCESS\" > \"${SCRIPT_OUTPUT_FILE_0}\"\n";
			showEnvVarsInLog = 0;
		};
/* End PBXShellScriptBuildPhase section */

/* Begin PBXSourcesBuildPhase section */
		44903E7825BECA03003B0689 /* Sources */ = {
			isa = PBXSourcesBuildPhase;
			buildActionMask = 2147483647;
			files = (
				44DE81B425C125D200DE4CE4 /* GroundOverlayViewController.m in Sources */,
				44DE81A425C1014800DE4CE4 /* TileURLConstructor.m in Sources */,
				04CCDC8425C94020003EB491 /* PolylineViewController.m in Sources */,
				44903E8725BECA03003B0689 /* ViewController.m in Sources */,
				04C465AD25C80B9300FEC8F5 /* BuildingViewController.m in Sources */,
				04CCDCAD25C94A47003EB491 /* SettingViewController.m in Sources */,
				04CCDC7825C90B89003EB491 /* MarkerViewController.m in Sources */,
				04CCDCA425C94828003EB491 /* CircleViewController.m in Sources */,
				44DE81BA25C1262A00DE4CE4 /* GroundURLConstructor.m in Sources */,
				44DE81D525C1669B00DE4CE4 /* POIURLConstructor.m in Sources */,
				44903EA125BECB74003B0689 /* TileOverlayViewController.m in Sources */,
				04CCDC8E25C9463E003EB491 /* PolygonViewController.m in Sources */,
				44DE81EF25C29FD300DE4CE4 /* BuildingURLConstructor.m in Sources */,
				44903E8125BECA03003B0689 /* AppDelegate.m in Sources */,
				44DE81E625C29DF200DE4CE4 /* BuildingOverlayViewController.m in Sources */,
				04C4659625C805C200FEC8F5 /* POIViewController.m in Sources */,
				44F7C1AF25C9066100E25914 /* CollectionViewController.m in Sources */,
				44F7C1BA25C90D0600E25914 /* CellItem.m in Sources */,
				44F7C1B425C9086D00E25914 /* CollectionTableCell.m in Sources */,
				44F7C1C725CA804C00E25914 /* DelegateViewController.m in Sources */,
				44DE81D025C165F500DE4CE4 /* POIOverlayViewController.m in Sources */,
				44903E9225BECA04003B0689 /* main.m in Sources */,
			);
			runOnlyForDeploymentPostprocessing = 0;
		};
/* End PBXSourcesBuildPhase section */

/* Begin PBXVariantGroup section */
		44903E8825BECA03003B0689 /* Main.storyboard */ = {
			isa = PBXVariantGroup;
			children = (
				44903E8925BECA03003B0689 /* Base */,
			);
			name = Main.storyboard;
			sourceTree = "<group>";
		};
		44903E8D25BECA04003B0689 /* LaunchScreen.storyboard */ = {
			isa = PBXVariantGroup;
			children = (
				44903E8E25BECA04003B0689 /* Base */,
			);
			name = LaunchScreen.storyboard;
			sourceTree = "<group>";
		};
/* End PBXVariantGroup section */

/* Begin XCBuildConfiguration section */
		44903E9325BECA04003B0689 /* Debug */ = {
			isa = XCBuildConfiguration;
			buildSettings = {
				ALWAYS_SEARCH_USER_PATHS = NO;
				CLANG_ANALYZER_NONNULL = YES;
				CLANG_ANALYZER_NUMBER_OBJECT_CONVERSION = YES_AGGRESSIVE;
				CLANG_CXX_LANGUAGE_STANDARD = "gnu++14";
				CLANG_CXX_LIBRARY = "libc++";
				CLANG_ENABLE_MODULES = YES;
				CLANG_ENABLE_OBJC_ARC = YES;
				CLANG_ENABLE_OBJC_WEAK = YES;
				CLANG_WARN_BLOCK_CAPTURE_AUTORELEASING = YES;
				CLANG_WARN_BOOL_CONVERSION = YES;
				CLANG_WARN_COMMA = YES;
				CLANG_WARN_CONSTANT_CONVERSION = YES;
				CLANG_WARN_DEPRECATED_OBJC_IMPLEMENTATIONS = YES;
				CLANG_WARN_DIRECT_OBJC_ISA_USAGE = YES_ERROR;
				CLANG_WARN_DOCUMENTATION_COMMENTS = YES;
				CLANG_WARN_EMPTY_BODY = YES;
				CLANG_WARN_ENUM_CONVERSION = YES;
				CLANG_WARN_INFINITE_RECURSION = YES;
				CLANG_WARN_INT_CONVERSION = YES;
				CLANG_WARN_NON_LITERAL_NULL_CONVERSION = YES;
				CLANG_WARN_OBJC_IMPLICIT_RETAIN_SELF = YES;
				CLANG_WARN_OBJC_LITERAL_CONVERSION = YES;
				CLANG_WARN_OBJC_ROOT_CLASS = YES_ERROR;
				CLANG_WARN_QUOTED_INCLUDE_IN_FRAMEWORK_HEADER = YES;
				CLANG_WARN_RANGE_LOOP_ANALYSIS = YES;
				CLANG_WARN_STRICT_PROTOTYPES = YES;
				CLANG_WARN_SUSPICIOUS_MOVE = YES;
				CLANG_WARN_UNGUARDED_AVAILABILITY = YES_AGGRESSIVE;
				CLANG_WARN_UNREACHABLE_CODE = YES;
				CLANG_WARN__DUPLICATE_METHOD_MATCH = YES;
				COPY_PHASE_STRIP = NO;
				DEBUG_INFORMATION_FORMAT = dwarf;
				ENABLE_STRICT_OBJC_MSGSEND = YES;
				ENABLE_TESTABILITY = YES;
				GCC_C_LANGUAGE_STANDARD = gnu11;
				GCC_DYNAMIC_NO_PIC = NO;
				GCC_NO_COMMON_BLOCKS = YES;
				GCC_OPTIMIZATION_LEVEL = 0;
				GCC_PREPROCESSOR_DEFINITIONS = (
					"DEBUG=1",
					"$(inherited)",
				);
				GCC_WARN_64_TO_32_BIT_CONVERSION = YES;
				GCC_WARN_ABOUT_RETURN_TYPE = YES_ERROR;
				GCC_WARN_UNDECLARED_SELECTOR = YES;
				GCC_WARN_UNINITIALIZED_AUTOS = YES_AGGRESSIVE;
				GCC_WARN_UNUSED_FUNCTION = YES;
				GCC_WARN_UNUSED_VARIABLE = YES;
				IPHONEOS_DEPLOYMENT_TARGET = 12.0;
				MTL_ENABLE_DEBUG_INFO = INCLUDE_SOURCE;
				MTL_FAST_MATH = YES;
				ONLY_ACTIVE_ARCH = YES;
				SDKROOT = iphoneos;
			};
			name = Debug;
		};
		44903E9425BECA04003B0689 /* Release */ = {
			isa = XCBuildConfiguration;
			buildSettings = {
				ALWAYS_SEARCH_USER_PATHS = NO;
				CLANG_ANALYZER_NONNULL = YES;
				CLANG_ANALYZER_NUMBER_OBJECT_CONVERSION = YES_AGGRESSIVE;
				CLANG_CXX_LANGUAGE_STANDARD = "gnu++14";
				CLANG_CXX_LIBRARY = "libc++";
				CLANG_ENABLE_MODULES = YES;
				CLANG_ENABLE_OBJC_ARC = YES;
				CLANG_ENABLE_OBJC_WEAK = YES;
				CLANG_WARN_BLOCK_CAPTURE_AUTORELEASING = YES;
				CLANG_WARN_BOOL_CONVERSION = YES;
				CLANG_WARN_COMMA = YES;
				CLANG_WARN_CONSTANT_CONVERSION = YES;
				CLANG_WARN_DEPRECATED_OBJC_IMPLEMENTATIONS = YES;
				CLANG_WARN_DIRECT_OBJC_ISA_USAGE = YES_ERROR;
				CLANG_WARN_DOCUMENTATION_COMMENTS = YES;
				CLANG_WARN_EMPTY_BODY = YES;
				CLANG_WARN_ENUM_CONVERSION = YES;
				CLANG_WARN_INFINITE_RECURSION = YES;
				CLANG_WARN_INT_CONVERSION = YES;
				CLANG_WARN_NON_LITERAL_NULL_CONVERSION = YES;
				CLANG_WARN_OBJC_IMPLICIT_RETAIN_SELF = YES;
				CLANG_WARN_OBJC_LITERAL_CONVERSION = YES;
				CLANG_WARN_OBJC_ROOT_CLASS = YES_ERROR;
				CLANG_WARN_QUOTED_INCLUDE_IN_FRAMEWORK_HEADER = YES;
				CLANG_WARN_RANGE_LOOP_ANALYSIS = YES;
				CLANG_WARN_STRICT_PROTOTYPES = YES;
				CLANG_WARN_SUSPICIOUS_MOVE = YES;
				CLANG_WARN_UNGUARDED_AVAILABILITY = YES_AGGRESSIVE;
				CLANG_WARN_UNREACHABLE_CODE = YES;
				CLANG_WARN__DUPLICATE_METHOD_MATCH = YES;
				COPY_PHASE_STRIP = NO;
				DEBUG_INFORMATION_FORMAT = "dwarf-with-dsym";
				ENABLE_NS_ASSERTIONS = NO;
				ENABLE_STRICT_OBJC_MSGSEND = YES;
				GCC_C_LANGUAGE_STANDARD = gnu11;
				GCC_NO_COMMON_BLOCKS = YES;
				GCC_WARN_64_TO_32_BIT_CONVERSION = YES;
				GCC_WARN_ABOUT_RETURN_TYPE = YES_ERROR;
				GCC_WARN_UNDECLARED_SELECTOR = YES;
				GCC_WARN_UNINITIALIZED_AUTOS = YES_AGGRESSIVE;
				GCC_WARN_UNUSED_FUNCTION = YES;
				GCC_WARN_UNUSED_VARIABLE = YES;
				IPHONEOS_DEPLOYMENT_TARGET = 12.0;
				MTL_ENABLE_DEBUG_INFO = NO;
				MTL_FAST_MATH = YES;
				SDKROOT = iphoneos;
				VALIDATE_PRODUCT = YES;
			};
			name = Release;
		};
		44903E9625BECA04003B0689 /* Debug */ = {
			isa = XCBuildConfiguration;
			baseConfigurationReference = E75F44A914C0C7811A0DA30D /* Pods-ios-sdk-examples-objc.debug.xcconfig */;
			buildSettings = {
				ASSETCATALOG_COMPILER_APPICON_NAME = AppIcon;
				ASSETCATALOG_COMPILER_GLOBAL_ACCENT_COLOR_NAME = AccentColor;
				CODE_SIGN_STYLE = Automatic;
				DEVELOPMENT_TEAM = C9QT66NNBA;
				INFOPLIST_FILE = "ios-sdk-examples-objc/Info.plist";
				LD_RUNPATH_SEARCH_PATHS = (
					"$(inherited)",
					"@executable_path/Frameworks",
				);
				PRODUCT_BUNDLE_IDENTIFIER = "vn.com.iotlink.ios-sdk-examples-objc";
				PRODUCT_NAME = "$(TARGET_NAME)";
				TARGETED_DEVICE_FAMILY = "1,2";
			};
			name = Debug;
		};
		44903E9725BECA04003B0689 /* Release */ = {
			isa = XCBuildConfiguration;
			baseConfigurationReference = D42C4199EDFAC79889B0BBFB /* Pods-ios-sdk-examples-objc.release.xcconfig */;
			buildSettings = {
				ASSETCATALOG_COMPILER_APPICON_NAME = AppIcon;
				ASSETCATALOG_COMPILER_GLOBAL_ACCENT_COLOR_NAME = AccentColor;
				CODE_SIGN_STYLE = Automatic;
				DEVELOPMENT_TEAM = C9QT66NNBA;
				INFOPLIST_FILE = "ios-sdk-examples-objc/Info.plist";
				LD_RUNPATH_SEARCH_PATHS = (
					"$(inherited)",
					"@executable_path/Frameworks",
				);
				PRODUCT_BUNDLE_IDENTIFIER = "vn.com.iotlink.ios-sdk-examples-objc";
				PRODUCT_NAME = "$(TARGET_NAME)";
				TARGETED_DEVICE_FAMILY = "1,2";
			};
			name = Release;
		};
/* End XCBuildConfiguration section */

/* Begin XCConfigurationList section */
		44903E7725BECA02003B0689 /* Build configuration list for PBXProject "ios-sdk-examples-objc" */ = {
			isa = XCConfigurationList;
			buildConfigurations = (
				44903E9325BECA04003B0689 /* Debug */,
				44903E9425BECA04003B0689 /* Release */,
			);
			defaultConfigurationIsVisible = 0;
			defaultConfigurationName = Release;
		};
		44903E9525BECA04003B0689 /* Build configuration list for PBXNativeTarget "ios-sdk-examples-objc" */ = {
			isa = XCConfigurationList;
			buildConfigurations = (
				44903E9625BECA04003B0689 /* Debug */,
				44903E9725BECA04003B0689 /* Release */,
			);
			defaultConfigurationIsVisible = 0;
			defaultConfigurationName = Release;
		};
/* End XCConfigurationList section */
	};
	rootObject = 44903E7425BECA02003B0689 /* Project object */;
}
