// !$*UTF8*$!
{
	archiveVersion = 1;
	classes = {
	};
	objectVersion = 51;
	objects = {

/* Begin PBXBuildFile section */
		E912D4830BA91D2F8317C08B /* Pods_ios_sdk_examples.framework in Frameworks */ = {isa = PBXBuildFile; fileRef = BBDF54C1CFA7604991720DBD /* Pods_ios_sdk_examples.framework */; };
		FF4C8D1A21E5F28C00A22AE9 /* CollectionTableViewCell.swift in Sources */ = {isa = PBXBuildFile; fileRef = FF4C8D1921E5F28C00A22AE9 /* CollectionTableViewCell.swift */; };
		FF4C8D1D21E5FE2100A22AE9 /* SettingsViewController.swift in Sources */ = {isa = PBXBuildFile; fileRef = FF4C8D1C21E5FE2100A22AE9 /* SettingsViewController.swift */; };
		FF4C8D2721E60CC600A22AE9 /* MarkesViewController.swift in Sources */ = {isa = PBXBuildFile; fileRef = FF4C8D2621E60CC600A22AE9 /* MarkesViewController.swift */; };
		FF4C8D2921E60CE700A22AE9 /* PolylineViewController.swift in Sources */ = {isa = PBXBuildFile; fileRef = FF4C8D2821E60CE700A22AE9 /* PolylineViewController.swift */; };
		FF4C8D2B21E60CF200A22AE9 /* PolygonViewController.swift in Sources */ = {isa = PBXBuildFile; fileRef = FF4C8D2A21E60CF200A22AE9 /* PolygonViewController.swift */; };
		FF4C8D2D21E60CFD00A22AE9 /* CircleViewController.swift in Sources */ = {isa = PBXBuildFile; fileRef = FF4C8D2C21E60CFD00A22AE9 /* CircleViewController.swift */; };
		FF4C8D2F21E60D0A00A22AE9 /* TileAreaViewController.swift in Sources */ = {isa = PBXBuildFile; fileRef = FF4C8D2E21E60D0A00A22AE9 /* TileAreaViewController.swift */; };
		FF4C8D3121E60D1600A22AE9 /* MyLocationViewController.swift in Sources */ = {isa = PBXBuildFile; fileRef = FF4C8D3021E60D1600A22AE9 /* MyLocationViewController.swift */; };
		FF4C8D3321E60D2300A22AE9 /* DelegateViewController.swift in Sources */ = {isa = PBXBuildFile; fileRef = FF4C8D3221E60D2300A22AE9 /* DelegateViewController.swift */; };
		FF4C8D3521E60D2F00A22AE9 /* AnimateViewController.swift in Sources */ = {isa = PBXBuildFile; fileRef = FF4C8D3421E60D2F00A22AE9 /* AnimateViewController.swift */; };
		FF60E0D821E066F700BAB7CA /* AppDelegate.swift in Sources */ = {isa = PBXBuildFile; fileRef = FF60E0D721E066F700BAB7CA /* AppDelegate.swift */; };
		FF60E0DA21E066F700BAB7CA /* ViewController.swift in Sources */ = {isa = PBXBuildFile; fileRef = FF60E0D921E066F700BAB7CA /* ViewController.swift */; };
		FF60E0DD21E066F700BAB7CA /* Main.storyboard in Resources */ = {isa = PBXBuildFile; fileRef = FF60E0DB21E066F700BAB7CA /* Main.storyboard */; };
		FF60E0DF21E066FA00BAB7CA /* Assets.xcassets in Resources */ = {isa = PBXBuildFile; fileRef = FF60E0DE21E066FA00BAB7CA /* Assets.xcassets */; };
		FF60E0E221E066FA00BAB7CA /* LaunchScreen.storyboard in Resources */ = {isa = PBXBuildFile; fileRef = FF60E0E021E066FA00BAB7CA /* LaunchScreen.storyboard */; };
		FF60E0ED21E066FA00BAB7CA /* ios_sdk_examplesTests.swift in Sources */ = {isa = PBXBuildFile; fileRef = FF60E0EC21E066FA00BAB7CA /* ios_sdk_examplesTests.swift */; };
		FF60E0F821E066FA00BAB7CA /* ios_sdk_examplesUITests.swift in Sources */ = {isa = PBXBuildFile; fileRef = FF60E0F721E066FA00BAB7CA /* ios_sdk_examplesUITests.swift */; };
		FF60E10921E074D000BAB7CA /* Localizable.strings in Resources */ = {isa = PBXBuildFile; fileRef = FF60E10721E074D000BAB7CA /* Localizable.strings */; };
		FF60E11621E090A300BAB7CA /* Map2dViewController.swift in Sources */ = {isa = PBXBuildFile; fileRef = FF60E11521E090A300BAB7CA /* Map2dViewController.swift */; };
		FF60E11821E090AF00BAB7CA /* Map3dViewController.swift in Sources */ = {isa = PBXBuildFile; fileRef = FF60E11721E090AF00BAB7CA /* Map3dViewController.swift */; };
		FF60E11B21E09CFA00BAB7CA /* CollectionsViewController.swift in Sources */ = {isa = PBXBuildFile; fileRef = FF60E11A21E09CFA00BAB7CA /* CollectionsViewController.swift */; };
/* End PBXBuildFile section */

/* Begin PBXContainerItemProxy section */
		FF60E0E921E066FA00BAB7CA /* PBXContainerItemProxy */ = {
			isa = PBXContainerItemProxy;
			containerPortal = FF60E0CC21E066F700BAB7CA /* Project object */;
			proxyType = 1;
			remoteGlobalIDString = FF60E0D321E066F700BAB7CA;
			remoteInfo = "ios-sdk-examples";
		};
		FF60E0F421E066FA00BAB7CA /* PBXContainerItemProxy */ = {
			isa = PBXContainerItemProxy;
			containerPortal = FF60E0CC21E066F700BAB7CA /* Project object */;
			proxyType = 1;
			remoteGlobalIDString = FF60E0D321E066F700BAB7CA;
			remoteInfo = "ios-sdk-examples";
		};
/* End PBXContainerItemProxy section */

/* Begin PBXFileReference section */
		011CCA757BFCE2C31165969A /* Pods-ios-sdk-examples.debug.xcconfig */ = {isa = PBXFileReference; includeInIndex = 1; lastKnownFileType = text.xcconfig; name = "Pods-ios-sdk-examples.debug.xcconfig"; path = "Pods/Target Support Files/Pods-ios-sdk-examples/Pods-ios-sdk-examples.debug.xcconfig"; sourceTree = "<group>"; };
		340FD879C7EE4ECEA4666D6B /* Pods-ios-sdk-examples.release.xcconfig */ = {isa = PBXFileReference; includeInIndex = 1; lastKnownFileType = text.xcconfig; name = "Pods-ios-sdk-examples.release.xcconfig"; path = "Pods/Target Support Files/Pods-ios-sdk-examples/Pods-ios-sdk-examples.release.xcconfig"; sourceTree = "<group>"; };
		BBDF54C1CFA7604991720DBD /* Pods_ios_sdk_examples.framework */ = {isa = PBXFileReference; explicitFileType = wrapper.framework; includeInIndex = 0; path = Pods_ios_sdk_examples.framework; sourceTree = BUILT_PRODUCTS_DIR; };
		FF4C8D1921E5F28C00A22AE9 /* CollectionTableViewCell.swift */ = {isa = PBXFileReference; lastKnownFileType = sourcecode.swift; path = CollectionTableViewCell.swift; sourceTree = "<group>"; };
		FF4C8D1C21E5FE2100A22AE9 /* SettingsViewController.swift */ = {isa = PBXFileReference; lastKnownFileType = sourcecode.swift; path = SettingsViewController.swift; sourceTree = "<group>"; };
		FF4C8D2621E60CC600A22AE9 /* MarkesViewController.swift */ = {isa = PBXFileReference; lastKnownFileType = sourcecode.swift; path = MarkesViewController.swift; sourceTree = "<group>"; };
		FF4C8D2821E60CE700A22AE9 /* PolylineViewController.swift */ = {isa = PBXFileReference; lastKnownFileType = sourcecode.swift; path = PolylineViewController.swift; sourceTree = "<group>"; };
		FF4C8D2A21E60CF200A22AE9 /* PolygonViewController.swift */ = {isa = PBXFileReference; lastKnownFileType = sourcecode.swift; path = PolygonViewController.swift; sourceTree = "<group>"; };
		FF4C8D2C21E60CFD00A22AE9 /* CircleViewController.swift */ = {isa = PBXFileReference; lastKnownFileType = sourcecode.swift; path = CircleViewController.swift; sourceTree = "<group>"; };
		FF4C8D2E21E60D0A00A22AE9 /* TileAreaViewController.swift */ = {isa = PBXFileReference; lastKnownFileType = sourcecode.swift; path = TileAreaViewController.swift; sourceTree = "<group>"; };
		FF4C8D3021E60D1600A22AE9 /* MyLocationViewController.swift */ = {isa = PBXFileReference; lastKnownFileType = sourcecode.swift; path = MyLocationViewController.swift; sourceTree = "<group>"; };
		FF4C8D3221E60D2300A22AE9 /* DelegateViewController.swift */ = {isa = PBXFileReference; lastKnownFileType = sourcecode.swift; path = DelegateViewController.swift; sourceTree = "<group>"; };
		FF4C8D3421E60D2F00A22AE9 /* AnimateViewController.swift */ = {isa = PBXFileReference; lastKnownFileType = sourcecode.swift; path = AnimateViewController.swift; sourceTree = "<group>"; };
		FF60E0D421E066F700BAB7CA /* ios-sdk-examples.app */ = {isa = PBXFileReference; explicitFileType = wrapper.application; includeInIndex = 0; path = "ios-sdk-examples.app"; sourceTree = BUILT_PRODUCTS_DIR; };
		FF60E0D721E066F700BAB7CA /* AppDelegate.swift */ = {isa = PBXFileReference; lastKnownFileType = sourcecode.swift; path = AppDelegate.swift; sourceTree = "<group>"; };
		FF60E0D921E066F700BAB7CA /* ViewController.swift */ = {isa = PBXFileReference; lastKnownFileType = sourcecode.swift; path = ViewController.swift; sourceTree = "<group>"; };
		FF60E0DC21E066F700BAB7CA /* Base */ = {isa = PBXFileReference; lastKnownFileType = file.storyboard; name = Base; path = Base.lproj/Main.storyboard; sourceTree = "<group>"; };
		FF60E0DE21E066FA00BAB7CA /* Assets.xcassets */ = {isa = PBXFileReference; lastKnownFileType = folder.assetcatalog; path = Assets.xcassets; sourceTree = "<group>"; };
		FF60E0E121E066FA00BAB7CA /* Base */ = {isa = PBXFileReference; lastKnownFileType = file.storyboard; name = Base; path = Base.lproj/LaunchScreen.storyboard; sourceTree = "<group>"; };
		FF60E0E321E066FA00BAB7CA /* Info.plist */ = {isa = PBXFileReference; lastKnownFileType = text.plist.xml; path = Info.plist; sourceTree = "<group>"; };
		FF60E0E821E066FA00BAB7CA /* ios-sdk-examplesTests.xctest */ = {isa = PBXFileReference; explicitFileType = wrapper.cfbundle; includeInIndex = 0; path = "ios-sdk-examplesTests.xctest"; sourceTree = BUILT_PRODUCTS_DIR; };
		FF60E0EC21E066FA00BAB7CA /* ios_sdk_examplesTests.swift */ = {isa = PBXFileReference; lastKnownFileType = sourcecode.swift; path = ios_sdk_examplesTests.swift; sourceTree = "<group>"; };
		FF60E0EE21E066FA00BAB7CA /* Info.plist */ = {isa = PBXFileReference; lastKnownFileType = text.plist.xml; path = Info.plist; sourceTree = "<group>"; };
		FF60E0F321E066FA00BAB7CA /* ios-sdk-examplesUITests.xctest */ = {isa = PBXFileReference; explicitFileType = wrapper.cfbundle; includeInIndex = 0; path = "ios-sdk-examplesUITests.xctest"; sourceTree = BUILT_PRODUCTS_DIR; };
		FF60E0F721E066FA00BAB7CA /* ios_sdk_examplesUITests.swift */ = {isa = PBXFileReference; lastKnownFileType = sourcecode.swift; path = ios_sdk_examplesUITests.swift; sourceTree = "<group>"; };
		FF60E0F921E066FA00BAB7CA /* Info.plist */ = {isa = PBXFileReference; lastKnownFileType = text.plist.xml; path = Info.plist; sourceTree = "<group>"; };
		FF60E10521E06F2600BAB7CA /* vi */ = {isa = PBXFileReference; lastKnownFileType = text.plist.strings; name = vi; path = vi.lproj/Main.strings; sourceTree = "<group>"; };
		FF60E10621E06F2600BAB7CA /* vi */ = {isa = PBXFileReference; lastKnownFileType = text.plist.strings; name = vi; path = vi.lproj/LaunchScreen.strings; sourceTree = "<group>"; };
		FF60E10821E074D000BAB7CA /* vi */ = {isa = PBXFileReference; lastKnownFileType = text.plist.strings; name = vi; path = "ios-sdk-examples/vi.lproj/Localizable.strings"; sourceTree = "<group>"; };
		FF60E11521E090A300BAB7CA /* Map2dViewController.swift */ = {isa = PBXFileReference; lastKnownFileType = sourcecode.swift; path = Map2dViewController.swift; sourceTree = "<group>"; };
		FF60E11721E090AF00BAB7CA /* Map3dViewController.swift */ = {isa = PBXFileReference; lastKnownFileType = sourcecode.swift; path = Map3dViewController.swift; sourceTree = "<group>"; };
		FF60E11A21E09CFA00BAB7CA /* CollectionsViewController.swift */ = {isa = PBXFileReference; lastKnownFileType = sourcecode.swift; path = CollectionsViewController.swift; sourceTree = "<group>"; };
/* End PBXFileReference section */

/* Begin PBXFrameworksBuildPhase section */
		FF60E0D121E066F700BAB7CA /* Frameworks */ = {
			isa = PBXFrameworksBuildPhase;
			buildActionMask = 2147483647;
			files = (
				E912D4830BA91D2F8317C08B /* Pods_ios_sdk_examples.framework in Frameworks */,
			);
			runOnlyForDeploymentPostprocessing = 0;
		};
		FF60E0E521E066FA00BAB7CA /* Frameworks */ = {
			isa = PBXFrameworksBuildPhase;
			buildActionMask = 2147483647;
			files = (
			);
			runOnlyForDeploymentPostprocessing = 0;
		};
		FF60E0F021E066FA00BAB7CA /* Frameworks */ = {
			isa = PBXFrameworksBuildPhase;
			buildActionMask = 2147483647;
			files = (
			);
			runOnlyForDeploymentPostprocessing = 0;
		};
/* End PBXFrameworksBuildPhase section */

/* Begin PBXGroup section */
		1D435FB5FE80D48F097B41A5 /* Pods */ = {
			isa = PBXGroup;
			children = (
				011CCA757BFCE2C31165969A /* Pods-ios-sdk-examples.debug.xcconfig */,
				340FD879C7EE4ECEA4666D6B /* Pods-ios-sdk-examples.release.xcconfig */,
			);
			name = Pods;
			sourceTree = "<group>";
		};
		64B0856AB99BE9A7CE44CD68 /* Frameworks */ = {
			isa = PBXGroup;
			children = (
				BBDF54C1CFA7604991720DBD /* Pods_ios_sdk_examples.framework */,
			);
			name = Frameworks;
			sourceTree = "<group>";
		};
		FF4C8D1B21E5FD8E00A22AE9 /* settings */ = {
			isa = PBXGroup;
			children = (
				FF4C8D1C21E5FE2100A22AE9 /* SettingsViewController.swift */,
			);
			path = settings;
			sourceTree = "<group>";
		};
		FF4C8D1E21E60C1800A22AE9 /* markes */ = {
			isa = PBXGroup;
			children = (
				FF4C8D2621E60CC600A22AE9 /* MarkesViewController.swift */,
			);
			path = markes;
			sourceTree = "<group>";
		};
		FF4C8D1F21E60C2D00A22AE9 /* polylines */ = {
			isa = PBXGroup;
			children = (
				FF4C8D2821E60CE700A22AE9 /* PolylineViewController.swift */,
			);
			path = polylines;
			sourceTree = "<group>";
		};
		FF4C8D2021E60C3A00A22AE9 /* polygons */ = {
			isa = PBXGroup;
			children = (
				FF4C8D2A21E60CF200A22AE9 /* PolygonViewController.swift */,
			);
			path = polygons;
			sourceTree = "<group>";
		};
		FF4C8D2121E60C4900A22AE9 /* circles */ = {
			isa = PBXGroup;
			children = (
				FF4C8D2C21E60CFD00A22AE9 /* CircleViewController.swift */,
			);
			path = circles;
			sourceTree = "<group>";
		};
		FF4C8D2221E60C5300A22AE9 /* tileares */ = {
			isa = PBXGroup;
			children = (
				FF4C8D2E21E60D0A00A22AE9 /* TileAreaViewController.swift */,
			);
			path = tileares;
			sourceTree = "<group>";
		};
		FF4C8D2321E60C5D00A22AE9 /* mylocation */ = {
			isa = PBXGroup;
			children = (
				FF4C8D3021E60D1600A22AE9 /* MyLocationViewController.swift */,
			);
			path = mylocation;
			sourceTree = "<group>";
		};
		FF4C8D2421E60C6300A22AE9 /* delegate */ = {
			isa = PBXGroup;
			children = (
				FF4C8D3221E60D2300A22AE9 /* DelegateViewController.swift */,
			);
			path = delegate;
			sourceTree = "<group>";
		};
		FF4C8D2521E60C6D00A22AE9 /* animate */ = {
			isa = PBXGroup;
			children = (
				FF4C8D3421E60D2F00A22AE9 /* AnimateViewController.swift */,
			);
			path = animate;
			sourceTree = "<group>";
		};
		FF60E0CB21E066F700BAB7CA = {
			isa = PBXGroup;
			children = (
				FF60E10721E074D000BAB7CA /* Localizable.strings */,
				FF60E0D621E066F700BAB7CA /* ios-sdk-examples */,
				FF60E0EB21E066FA00BAB7CA /* ios-sdk-examplesTests */,
				FF60E0F621E066FA00BAB7CA /* ios-sdk-examplesUITests */,
				FF60E0D521E066F700BAB7CA /* Products */,
				1D435FB5FE80D48F097B41A5 /* Pods */,
				64B0856AB99BE9A7CE44CD68 /* Frameworks */,
			);
			sourceTree = "<group>";
		};
		FF60E0D521E066F700BAB7CA /* Products */ = {
			isa = PBXGroup;
			children = (
				FF60E0D421E066F700BAB7CA /* ios-sdk-examples.app */,
				FF60E0E821E066FA00BAB7CA /* ios-sdk-examplesTests.xctest */,
				FF60E0F321E066FA00BAB7CA /* ios-sdk-examplesUITests.xctest */,
			);
			name = Products;
			sourceTree = "<group>";
		};
		FF60E0D621E066F700BAB7CA /* ios-sdk-examples */ = {
			isa = PBXGroup;
			children = (
				FF60E10A21E08E4F00BAB7CA /* Views */,
				FF60E0D721E066F700BAB7CA /* AppDelegate.swift */,
				FF60E0DE21E066FA00BAB7CA /* Assets.xcassets */,
				FF60E0E321E066FA00BAB7CA /* Info.plist */,
			);
			path = "ios-sdk-examples";
			sourceTree = "<group>";
		};
		FF60E0EB21E066FA00BAB7CA /* ios-sdk-examplesTests */ = {
			isa = PBXGroup;
			children = (
				FF60E0EC21E066FA00BAB7CA /* ios_sdk_examplesTests.swift */,
				FF60E0EE21E066FA00BAB7CA /* Info.plist */,
			);
			path = "ios-sdk-examplesTests";
			sourceTree = "<group>";
		};
		FF60E0F621E066FA00BAB7CA /* ios-sdk-examplesUITests */ = {
			isa = PBXGroup;
			children = (
				FF60E0F721E066FA00BAB7CA /* ios_sdk_examplesUITests.swift */,
				FF60E0F921E066FA00BAB7CA /* Info.plist */,
			);
			path = "ios-sdk-examplesUITests";
			sourceTree = "<group>";
		};
		FF60E10A21E08E4F00BAB7CA /* Views */ = {
			isa = PBXGroup;
			children = (
				FF60E11021E08F0100BAB7CA /* Home */,
				FF60E10B21E08E6400BAB7CA /* Splash */,
			);
			path = Views;
			sourceTree = "<group>";
		};
		FF60E10B21E08E6400BAB7CA /* Splash */ = {
			isa = PBXGroup;
			children = (
				FF60E0E021E066FA00BAB7CA /* LaunchScreen.storyboard */,
			);
			path = Splash;
			sourceTree = "<group>";
		};
		FF60E11021E08F0100BAB7CA /* Home */ = {
			isa = PBXGroup;
			children = (
				FF60E0D921E066F700BAB7CA /* ViewController.swift */,
				FF4C8D2521E60C6D00A22AE9 /* animate */,
				FF4C8D2421E60C6300A22AE9 /* delegate */,
				FF4C8D2321E60C5D00A22AE9 /* mylocation */,
				FF4C8D2221E60C5300A22AE9 /* tileares */,
				FF4C8D2121E60C4900A22AE9 /* circles */,
				FF4C8D2021E60C3A00A22AE9 /* polygons */,
				FF4C8D1F21E60C2D00A22AE9 /* polylines */,
				FF4C8D1E21E60C1800A22AE9 /* markes */,
				FF4C8D1B21E5FD8E00A22AE9 /* settings */,
				FF60E11921E09CCE00BAB7CA /* collections */,
				FF60E11421E0907500BAB7CA /* Map2d */,
				FF60E11321E0906500BAB7CA /* Map3d */,
				FF60E0DB21E066F700BAB7CA /* Main.storyboard */,
			);
			path = Home;
			sourceTree = "<group>";
		};
		FF60E11321E0906500BAB7CA /* Map3d */ = {
			isa = PBXGroup;
			children = (
				FF60E11721E090AF00BAB7CA /* Map3dViewController.swift */,
			);
			path = Map3d;
			sourceTree = "<group>";
		};
		FF60E11421E0907500BAB7CA /* Map2d */ = {
			isa = PBXGroup;
			children = (
				FF60E11521E090A300BAB7CA /* Map2dViewController.swift */,
			);
			path = Map2d;
			sourceTree = "<group>";
		};
		FF60E11921E09CCE00BAB7CA /* collections */ = {
			isa = PBXGroup;
			children = (
				FF60E11A21E09CFA00BAB7CA /* CollectionsViewController.swift */,
				FF4C8D1921E5F28C00A22AE9 /* CollectionTableViewCell.swift */,
			);
			path = collections;
			sourceTree = "<group>";
		};
/* End PBXGroup section */

/* Begin PBXNativeTarget section */
		FF60E0D321E066F700BAB7CA /* ios-sdk-examples */ = {
			isa = PBXNativeTarget;
			buildConfigurationList = FF60E0FC21E066FA00BAB7CA /* Build configuration list for PBXNativeTarget "ios-sdk-examples" */;
			buildPhases = (
				9FBD951D0E17994043771EFA /* [CP] Check Pods Manifest.lock */,
				FF60E0D021E066F700BAB7CA /* Sources */,
				FF60E0D121E066F700BAB7CA /* Frameworks */,
				FF60E0D221E066F700BAB7CA /* Resources */,
				B38D1D902C430AEA98FE0096 /* [CP] Embed Pods Frameworks */,
			);
			buildRules = (
			);
			dependencies = (
			);
			name = "ios-sdk-examples";
			productName = "ios-sdk-examples";
			productReference = FF60E0D421E066F700BAB7CA /* ios-sdk-examples.app */;
			productType = "com.apple.product-type.application";
		};
		FF60E0E721E066FA00BAB7CA /* ios-sdk-examplesTests */ = {
			isa = PBXNativeTarget;
			buildConfigurationList = FF60E0FF21E066FA00BAB7CA /* Build configuration list for PBXNativeTarget "ios-sdk-examplesTests" */;
			buildPhases = (
				FF60E0E421E066FA00BAB7CA /* Sources */,
				FF60E0E521E066FA00BAB7CA /* Frameworks */,
				FF60E0E621E066FA00BAB7CA /* Resources */,
			);
			buildRules = (
			);
			dependencies = (
				FF60E0EA21E066FA00BAB7CA /* PBXTargetDependency */,
			);
			name = "ios-sdk-examplesTests";
			productName = "ios-sdk-examplesTests";
			productReference = FF60E0E821E066FA00BAB7CA /* ios-sdk-examplesTests.xctest */;
			productType = "com.apple.product-type.bundle.unit-test";
		};
		FF60E0F221E066FA00BAB7CA /* ios-sdk-examplesUITests */ = {
			isa = PBXNativeTarget;
			buildConfigurationList = FF60E10221E066FA00BAB7CA /* Build configuration list for PBXNativeTarget "ios-sdk-examplesUITests" */;
			buildPhases = (
				FF60E0EF21E066FA00BAB7CA /* Sources */,
				FF60E0F021E066FA00BAB7CA /* Frameworks */,
				FF60E0F121E066FA00BAB7CA /* Resources */,
			);
			buildRules = (
			);
			dependencies = (
				FF60E0F521E066FA00BAB7CA /* PBXTargetDependency */,
			);
			name = "ios-sdk-examplesUITests";
			productName = "ios-sdk-examplesUITests";
			productReference = FF60E0F321E066FA00BAB7CA /* ios-sdk-examplesUITests.xctest */;
			productType = "com.apple.product-type.bundle.ui-testing";
		};
/* End PBXNativeTarget section */

/* Begin PBXProject section */
		FF60E0CC21E066F700BAB7CA /* Project object */ = {
			isa = PBXProject;
			attributes = {
				LastSwiftUpdateCheck = 1010;
				LastUpgradeCheck = 1010;
				ORGANIZATIONNAME = tantv;
				TargetAttributes = {
					FF60E0D321E066F700BAB7CA = {
						CreatedOnToolsVersion = 10.1;
					};
					FF60E0E721E066FA00BAB7CA = {
						CreatedOnToolsVersion = 10.1;
						TestTargetID = FF60E0D321E066F700BAB7CA;
					};
					FF60E0F221E066FA00BAB7CA = {
						CreatedOnToolsVersion = 10.1;
						TestTargetID = FF60E0D321E066F700BAB7CA;
					};
				};
			};
			buildConfigurationList = FF60E0CF21E066F700BAB7CA /* Build configuration list for PBXProject "ios-sdk-examples" */;
			compatibilityVersion = "Xcode 9.3";
			developmentRegion = en;
			hasScannedForEncodings = 0;
			knownRegions = (
				en,
				Base,
				vi,
			);
			mainGroup = FF60E0CB21E066F700BAB7CA;
			productRefGroup = FF60E0D521E066F700BAB7CA /* Products */;
			projectDirPath = "";
			projectRoot = "";
			targets = (
				FF60E0D321E066F700BAB7CA /* ios-sdk-examples */,
				FF60E0E721E066FA00BAB7CA /* ios-sdk-examplesTests */,
				FF60E0F221E066FA00BAB7CA /* ios-sdk-examplesUITests */,
			);
		};
/* End PBXProject section */

/* Begin PBXResourcesBuildPhase section */
		FF60E0D221E066F700BAB7CA /* Resources */ = {
			isa = PBXResourcesBuildPhase;
			buildActionMask = 2147483647;
			files = (
				FF60E0E221E066FA00BAB7CA /* LaunchScreen.storyboard in Resources */,
				FF60E10921E074D000BAB7CA /* Localizable.strings in Resources */,
				FF60E0DF21E066FA00BAB7CA /* Assets.xcassets in Resources */,
				FF60E0DD21E066F700BAB7CA /* Main.storyboard in Resources */,
			);
			runOnlyForDeploymentPostprocessing = 0;
		};
		FF60E0E621E066FA00BAB7CA /* Resources */ = {
			isa = PBXResourcesBuildPhase;
			buildActionMask = 2147483647;
			files = (
			);
			runOnlyForDeploymentPostprocessing = 0;
		};
		FF60E0F121E066FA00BAB7CA /* Resources */ = {
			isa = PBXResourcesBuildPhase;
			buildActionMask = 2147483647;
			files = (
			);
			runOnlyForDeploymentPostprocessing = 0;
		};
/* End PBXResourcesBuildPhase section */

/* Begin PBXShellScriptBuildPhase section */
		9FBD951D0E17994043771EFA /* [CP] Check Pods Manifest.lock */ = {
			isa = PBXShellScriptBuildPhase;
			buildActionMask = 2147483647;
			files = (
			);
			inputFileListPaths = (
			);
			inputPaths = (
				"${PODS_PODFILE_DIR_PATH}/Podfile.lock",
				"${PODS_ROOT}/Manifest.lock",
			);
			name = "[CP] Check Pods Manifest.lock";
			outputFileListPaths = (
			);
			outputPaths = (
				"$(DERIVED_FILE_DIR)/Pods-ios-sdk-examples-checkManifestLockResult.txt",
			);
			runOnlyForDeploymentPostprocessing = 0;
			shellPath = /bin/sh;
			shellScript = "diff \"${PODS_PODFILE_DIR_PATH}/Podfile.lock\" \"${PODS_ROOT}/Manifest.lock\" > /dev/null\nif [ $? != 0 ] ; then\n    # print error to STDERR\n    echo \"error: The sandbox is not in sync with the Podfile.lock. Run 'pod install' or update your CocoaPods installation.\" >&2\n    exit 1\nfi\n# This output is used by Xcode 'outputs' to avoid re-running this script phase.\necho \"SUCCESS\" > \"${SCRIPT_OUTPUT_FILE_0}\"\n";
			showEnvVarsInLog = 0;
		};
		B38D1D902C430AEA98FE0096 /* [CP] Embed Pods Frameworks */ = {
			isa = PBXShellScriptBuildPhase;
			buildActionMask = 2147483647;
			files = (
			);
			inputFileListPaths = (
				"${PODS_ROOT}/Target Support Files/Pods-ios-sdk-examples/Pods-ios-sdk-examples-frameworks-${CONFIGURATION}-input-files.xcfilelist",
			);
			name = "[CP] Embed Pods Frameworks";
			outputFileListPaths = (
				"${PODS_ROOT}/Target Support Files/Pods-ios-sdk-examples/Pods-ios-sdk-examples-frameworks-${CONFIGURATION}-output-files.xcfilelist",
			);
			runOnlyForDeploymentPostprocessing = 0;
			shellPath = /bin/sh;
			shellScript = "\"${PODS_ROOT}/Target Support Files/Pods-ios-sdk-examples/Pods-ios-sdk-examples-frameworks.sh\"\n";
			showEnvVarsInLog = 0;
		};
/* End PBXShellScriptBuildPhase section */

/* Begin PBXSourcesBuildPhase section */
		FF60E0D021E066F700BAB7CA /* Sources */ = {
			isa = PBXSourcesBuildPhase;
			buildActionMask = 2147483647;
			files = (
				FF4C8D3521E60D2F00A22AE9 /* AnimateViewController.swift in Sources */,
				FF60E11821E090AF00BAB7CA /* Map3dViewController.swift in Sources */,
				FF4C8D2F21E60D0A00A22AE9 /* TileAreaViewController.swift in Sources */,
				FF4C8D2D21E60CFD00A22AE9 /* CircleViewController.swift in Sources */,
				FF4C8D3321E60D2300A22AE9 /* DelegateViewController.swift in Sources */,
				FF4C8D2B21E60CF200A22AE9 /* PolygonViewController.swift in Sources */,
				FF4C8D1A21E5F28C00A22AE9 /* CollectionTableViewCell.swift in Sources */,
				FF4C8D1D21E5FE2100A22AE9 /* SettingsViewController.swift in Sources */,
				FF60E0DA21E066F700BAB7CA /* ViewController.swift in Sources */,
				FF60E11B21E09CFA00BAB7CA /* CollectionsViewController.swift in Sources */,
				FF60E11621E090A300BAB7CA /* Map2dViewController.swift in Sources */,
				FF60E0D821E066F700BAB7CA /* AppDelegate.swift in Sources */,
				FF4C8D3121E60D1600A22AE9 /* MyLocationViewController.swift in Sources */,
				FF4C8D2721E60CC600A22AE9 /* MarkesViewController.swift in Sources */,
				FF4C8D2921E60CE700A22AE9 /* PolylineViewController.swift in Sources */,
			);
			runOnlyForDeploymentPostprocessing = 0;
		};
		FF60E0E421E066FA00BAB7CA /* Sources */ = {
			isa = PBXSourcesBuildPhase;
			buildActionMask = 2147483647;
			files = (
				FF60E0ED21E066FA00BAB7CA /* ios_sdk_examplesTests.swift in Sources */,
			);
			runOnlyForDeploymentPostprocessing = 0;
		};
		FF60E0EF21E066FA00BAB7CA /* Sources */ = {
			isa = PBXSourcesBuildPhase;
			buildActionMask = 2147483647;
			files = (
				FF60E0F821E066FA00BAB7CA /* ios_sdk_examplesUITests.swift in Sources */,
			);
			runOnlyForDeploymentPostprocessing = 0;
		};
/* End PBXSourcesBuildPhase section */

/* Begin PBXTargetDependency section */
		FF60E0EA21E066FA00BAB7CA /* PBXTargetDependency */ = {
			isa = PBXTargetDependency;
			target = FF60E0D321E066F700BAB7CA /* ios-sdk-examples */;
			targetProxy = FF60E0E921E066FA00BAB7CA /* PBXContainerItemProxy */;
		};
		FF60E0F521E066FA00BAB7CA /* PBXTargetDependency */ = {
			isa = PBXTargetDependency;
			target = FF60E0D321E066F700BAB7CA /* ios-sdk-examples */;
			targetProxy = FF60E0F421E066FA00BAB7CA /* PBXContainerItemProxy */;
		};
/* End PBXTargetDependency section */

/* Begin PBXVariantGroup section */
		FF60E0DB21E066F700BAB7CA /* Main.storyboard */ = {
			isa = PBXVariantGroup;
			children = (
				FF60E0DC21E066F700BAB7CA /* Base */,
				FF60E10521E06F2600BAB7CA /* vi */,
			);
			name = Main.storyboard;
			sourceTree = "<group>";
		};
		FF60E0E021E066FA00BAB7CA /* LaunchScreen.storyboard */ = {
			isa = PBXVariantGroup;
			children = (
				FF60E0E121E066FA00BAB7CA /* Base */,
				FF60E10621E06F2600BAB7CA /* vi */,
			);
			name = LaunchScreen.storyboard;
			sourceTree = "<group>";
		};
		FF60E10721E074D000BAB7CA /* Localizable.strings */ = {
			isa = PBXVariantGroup;
			children = (
				FF60E10821E074D000BAB7CA /* vi */,
			);
			name = Localizable.strings;
			sourceTree = "<group>";
		};
/* End PBXVariantGroup section */

/* Begin XCBuildConfiguration section */
		FF60E0FA21E066FA00BAB7CA /* Debug */ = {
			isa = XCBuildConfiguration;
			buildSettings = {
				ALWAYS_SEARCH_USER_PATHS = NO;
				CLANG_ANALYZER_LOCALIZABILITY_NONLOCALIZED = YES;
				CLANG_ANALYZER_NONNULL = YES;
				CLANG_ANALYZER_NUMBER_OBJECT_CONVERSION = YES_AGGRESSIVE;
				CLANG_CXX_LANGUAGE_STANDARD = "gnu++14";
				CLANG_CXX_LIBRARY = "libc++";
				CLANG_ENABLE_MODULES = YES;
				CLANG_ENABLE_OBJC_ARC = YES;
				CLANG_ENABLE_OBJC_WEAK = YES;
				CLANG_WARN_BLOCK_CAPTURE_AUTORELEASING = YES;
				CLANG_WARN_BOOL_CONVERSION = YES;
				CLANG_WARN_COMMA = YES;
				CLANG_WARN_CONSTANT_CONVERSION = YES;
				CLANG_WARN_DEPRECATED_OBJC_IMPLEMENTATIONS = YES;
				CLANG_WARN_DIRECT_OBJC_ISA_USAGE = YES_ERROR;
				CLANG_WARN_DOCUMENTATION_COMMENTS = YES;
				CLANG_WARN_EMPTY_BODY = YES;
				CLANG_WARN_ENUM_CONVERSION = YES;
				CLANG_WARN_INFINITE_RECURSION = YES;
				CLANG_WARN_INT_CONVERSION = YES;
				CLANG_WARN_NON_LITERAL_NULL_CONVERSION = YES;
				CLANG_WARN_OBJC_IMPLICIT_RETAIN_SELF = YES;
				CLANG_WARN_OBJC_LITERAL_CONVERSION = YES;
				CLANG_WARN_OBJC_ROOT_CLASS = YES_ERROR;
				CLANG_WARN_RANGE_LOOP_ANALYSIS = YES;
				CLANG_WARN_STRICT_PROTOTYPES = YES;
				CLANG_WARN_SUSPICIOUS_MOVE = YES;
				CLANG_WARN_UNGUARDED_AVAILABILITY = YES_AGGRESSIVE;
				CLANG_WARN_UNREACHABLE_CODE = YES;
				CLANG_WARN__DUPLICATE_METHOD_MATCH = YES;
				CODE_SIGN_IDENTITY = "iPhone Developer";
				COPY_PHASE_STRIP = NO;
				DEBUG_INFORMATION_FORMAT = dwarf;
				ENABLE_STRICT_OBJC_MSGSEND = YES;
				ENABLE_TESTABILITY = YES;
				GCC_C_LANGUAGE_STANDARD = gnu11;
				GCC_DYNAMIC_NO_PIC = NO;
				GCC_NO_COMMON_BLOCKS = YES;
				GCC_OPTIMIZATION_LEVEL = 0;
				GCC_PREPROCESSOR_DEFINITIONS = (
					"DEBUG=1",
					"$(inherited)",
				);
				GCC_WARN_64_TO_32_BIT_CONVERSION = YES;
				GCC_WARN_ABOUT_RETURN_TYPE = YES_ERROR;
				GCC_WARN_UNDECLARED_SELECTOR = YES;
				GCC_WARN_UNINITIALIZED_AUTOS = YES_AGGRESSIVE;
				GCC_WARN_UNUSED_FUNCTION = YES;
				GCC_WARN_UNUSED_VARIABLE = YES;
				IPHONEOS_DEPLOYMENT_TARGET = 12.1;
				MTL_ENABLE_DEBUG_INFO = INCLUDE_SOURCE;
				MTL_FAST_MATH = YES;
				ONLY_ACTIVE_ARCH = YES;
				SDKROOT = iphoneos;
				SWIFT_ACTIVE_COMPILATION_CONDITIONS = DEBUG;
				SWIFT_OPTIMIZATION_LEVEL = "-Onone";
			};
			name = Debug;
		};
		FF60E0FB21E066FA00BAB7CA /* Release */ = {
			isa = XCBuildConfiguration;
			buildSettings = {
				ALWAYS_SEARCH_USER_PATHS = NO;
				CLANG_ANALYZER_LOCALIZABILITY_NONLOCALIZED = YES;
				CLANG_ANALYZER_NONNULL = YES;
				CLANG_ANALYZER_NUMBER_OBJECT_CONVERSION = YES_AGGRESSIVE;
				CLANG_CXX_LANGUAGE_STANDARD = "gnu++14";
				CLANG_CXX_LIBRARY = "libc++";
				CLANG_ENABLE_MODULES = YES;
				CLANG_ENABLE_OBJC_ARC = YES;
				CLANG_ENABLE_OBJC_WEAK = YES;
				CLANG_WARN_BLOCK_CAPTURE_AUTORELEASING = YES;
				CLANG_WARN_BOOL_CONVERSION = YES;
				CLANG_WARN_COMMA = YES;
				CLANG_WARN_CONSTANT_CONVERSION = YES;
				CLANG_WARN_DEPRECATED_OBJC_IMPLEMENTATIONS = YES;
				CLANG_WARN_DIRECT_OBJC_ISA_USAGE = YES_ERROR;
				CLANG_WARN_DOCUMENTATION_COMMENTS = YES;
				CLANG_WARN_EMPTY_BODY = YES;
				CLANG_WARN_ENUM_CONVERSION = YES;
				CLANG_WARN_INFINITE_RECURSION = YES;
				CLANG_WARN_INT_CONVERSION = YES;
				CLANG_WARN_NON_LITERAL_NULL_CONVERSION = YES;
				CLANG_WARN_OBJC_IMPLICIT_RETAIN_SELF = YES;
				CLANG_WARN_OBJC_LITERAL_CONVERSION = YES;
				CLANG_WARN_OBJC_ROOT_CLASS = YES_ERROR;
				CLANG_WARN_RANGE_LOOP_ANALYSIS = YES;
				CLANG_WARN_STRICT_PROTOTYPES = YES;
				CLANG_WARN_SUSPICIOUS_MOVE = YES;
				CLANG_WARN_UNGUARDED_AVAILABILITY = YES_AGGRESSIVE;
				CLANG_WARN_UNREACHABLE_CODE = YES;
				CLANG_WARN__DUPLICATE_METHOD_MATCH = YES;
				CODE_SIGN_IDENTITY = "iPhone Developer";
				COPY_PHASE_STRIP = NO;
				DEBUG_INFORMATION_FORMAT = "dwarf-with-dsym";
				ENABLE_NS_ASSERTIONS = NO;
				ENABLE_STRICT_OBJC_MSGSEND = YES;
				GCC_C_LANGUAGE_STANDARD = gnu11;
				GCC_NO_COMMON_BLOCKS = YES;
				GCC_WARN_64_TO_32_BIT_CONVERSION = YES;
				GCC_WARN_ABOUT_RETURN_TYPE = YES_ERROR;
				GCC_WARN_UNDECLARED_SELECTOR = YES;
				GCC_WARN_UNINITIALIZED_AUTOS = YES_AGGRESSIVE;
				GCC_WARN_UNUSED_FUNCTION = YES;
				GCC_WARN_UNUSED_VARIABLE = YES;
				IPHONEOS_DEPLOYMENT_TARGET = 12.1;
				MTL_ENABLE_DEBUG_INFO = NO;
				MTL_FAST_MATH = YES;
				SDKROOT = iphoneos;
				SWIFT_COMPILATION_MODE = wholemodule;
				SWIFT_OPTIMIZATION_LEVEL = "-O";
				VALIDATE_PRODUCT = YES;
			};
			name = Release;
		};
		FF60E0FD21E066FA00BAB7CA /* Debug */ = {
			isa = XCBuildConfiguration;
			baseConfigurationReference = 011CCA757BFCE2C31165969A /* Pods-ios-sdk-examples.debug.xcconfig */;
			buildSettings = {
				ASSETCATALOG_COMPILER_APPICON_NAME = AppIcon;
				CODE_SIGN_STYLE = Automatic;
				DEVELOPMENT_TEAM = C9QT66NNBA;
				INFOPLIST_FILE = "ios-sdk-examples/Info.plist";
				IPHONEOS_DEPLOYMENT_TARGET = 9.0;
				LD_RUNPATH_SEARCH_PATHS = (
					"$(inherited)",
					"@executable_path/Frameworks",
				);
				PRODUCT_BUNDLE_IDENTIFIER = "vn.com.iotlink.example.ios-sdk-examples";
				PRODUCT_NAME = "$(TARGET_NAME)";
				SWIFT_VERSION = 4.2;
				TARGETED_DEVICE_FAMILY = "1,2";
			};
			name = Debug;
		};
		FF60E0FE21E066FA00BAB7CA /* Release */ = {
			isa = XCBuildConfiguration;
			baseConfigurationReference = 340FD879C7EE4ECEA4666D6B /* Pods-ios-sdk-examples.release.xcconfig */;
			buildSettings = {
				ASSETCATALOG_COMPILER_APPICON_NAME = AppIcon;
				CODE_SIGN_STYLE = Automatic;
				DEVELOPMENT_TEAM = C9QT66NNBA;
				INFOPLIST_FILE = "ios-sdk-examples/Info.plist";
				IPHONEOS_DEPLOYMENT_TARGET = 9.0;
				LD_RUNPATH_SEARCH_PATHS = (
					"$(inherited)",
					"@executable_path/Frameworks",
				);
				PRODUCT_BUNDLE_IDENTIFIER = "vn.com.iotlink.example.ios-sdk-examples";
				PRODUCT_NAME = "$(TARGET_NAME)";
				SWIFT_VERSION = 4.2;
				TARGETED_DEVICE_FAMILY = "1,2";
			};
			name = Release;
		};
		FF60E10021E066FA00BAB7CA /* Debug */ = {
			isa = XCBuildConfiguration;
			buildSettings = {
				ALWAYS_EMBED_SWIFT_STANDARD_LIBRARIES = YES;
				BUNDLE_LOADER = "$(TEST_HOST)";
				CODE_SIGN_STYLE = Automatic;
				DEVELOPMENT_TEAM = C9QT66NNBA;
				INFOPLIST_FILE = "ios-sdk-examplesTests/Info.plist";
				LD_RUNPATH_SEARCH_PATHS = (
					"$(inherited)",
					"@executable_path/Frameworks",
					"@loader_path/Frameworks",
				);
				PRODUCT_BUNDLE_IDENTIFIER = "vn.com.iotlink.example.ios-sdk-examplesTests";
				PRODUCT_NAME = "$(TARGET_NAME)";
				SWIFT_VERSION = 4.2;
				TARGETED_DEVICE_FAMILY = "1,2";
				TEST_HOST = "$(BUILT_PRODUCTS_DIR)/ios-sdk-examples.app/ios-sdk-examples";
			};
			name = Debug;
		};
		FF60E10121E066FA00BAB7CA /* Release */ = {
			isa = XCBuildConfiguration;
			buildSettings = {
				ALWAYS_EMBED_SWIFT_STANDARD_LIBRARIES = YES;
				BUNDLE_LOADER = "$(TEST_HOST)";
				CODE_SIGN_STYLE = Automatic;
				DEVELOPMENT_TEAM = C9QT66NNBA;
				INFOPLIST_FILE = "ios-sdk-examplesTests/Info.plist";
				LD_RUNPATH_SEARCH_PATHS = (
					"$(inherited)",
					"@executable_path/Frameworks",
					"@loader_path/Frameworks",
				);
				PRODUCT_BUNDLE_IDENTIFIER = "vn.com.iotlink.example.ios-sdk-examplesTests";
				PRODUCT_NAME = "$(TARGET_NAME)";
				SWIFT_VERSION = 4.2;
				TARGETED_DEVICE_FAMILY = "1,2";
				TEST_HOST = "$(BUILT_PRODUCTS_DIR)/ios-sdk-examples.app/ios-sdk-examples";
			};
			name = Release;
		};
		FF60E10321E066FA00BAB7CA /* Debug */ = {
			isa = XCBuildConfiguration;
			buildSettings = {
				ALWAYS_EMBED_SWIFT_STANDARD_LIBRARIES = YES;
				CODE_SIGN_STYLE = Automatic;
				DEVELOPMENT_TEAM = C9QT66NNBA;
				INFOPLIST_FILE = "ios-sdk-examplesUITests/Info.plist";
				LD_RUNPATH_SEARCH_PATHS = (
					"$(inherited)",
					"@executable_path/Frameworks",
					"@loader_path/Frameworks",
				);
				PRODUCT_BUNDLE_IDENTIFIER = "vn.com.iotlink.example.ios-sdk-examplesUITests";
				PRODUCT_NAME = "$(TARGET_NAME)";
				SWIFT_VERSION = 4.2;
				TARGETED_DEVICE_FAMILY = "1,2";
				TEST_TARGET_NAME = "ios-sdk-examples";
			};
			name = Debug;
		};
		FF60E10421E066FA00BAB7CA /* Release */ = {
			isa = XCBuildConfiguration;
			buildSettings = {
				ALWAYS_EMBED_SWIFT_STANDARD_LIBRARIES = YES;
				CODE_SIGN_STYLE = Automatic;
				DEVELOPMENT_TEAM = C9QT66NNBA;
				INFOPLIST_FILE = "ios-sdk-examplesUITests/Info.plist";
				LD_RUNPATH_SEARCH_PATHS = (
					"$(inherited)",
					"@executable_path/Frameworks",
					"@loader_path/Frameworks",
				);
				PRODUCT_BUNDLE_IDENTIFIER = "vn.com.iotlink.example.ios-sdk-examplesUITests";
				PRODUCT_NAME = "$(TARGET_NAME)";
				SWIFT_VERSION = 4.2;
				TARGETED_DEVICE_FAMILY = "1,2";
				TEST_TARGET_NAME = "ios-sdk-examples";
			};
			name = Release;
		};
/* End XCBuildConfiguration section */

/* Begin XCConfigurationList section */
		FF60E0CF21E066F700BAB7CA /* Build configuration list for PBXProject "ios-sdk-examples" */ = {
			isa = XCConfigurationList;
			buildConfigurations = (
				FF60E0FA21E066FA00BAB7CA /* Debug */,
				FF60E0FB21E066FA00BAB7CA /* Release */,
			);
			defaultConfigurationIsVisible = 0;
			defaultConfigurationName = Release;
		};
		FF60E0FC21E066FA00BAB7CA /* Build configuration list for PBXNativeTarget "ios-sdk-examples" */ = {
			isa = XCConfigurationList;
			buildConfigurations = (
				FF60E0FD21E066FA00BAB7CA /* Debug */,
				FF60E0FE21E066FA00BAB7CA /* Release */,
			);
			defaultConfigurationIsVisible = 0;
			defaultConfigurationName = Release;
		};
		FF60E0FF21E066FA00BAB7CA /* Build configuration list for PBXNativeTarget "ios-sdk-examplesTests" */ = {
			isa = XCConfigurationList;
			buildConfigurations = (
				FF60E10021E066FA00BAB7CA /* Debug */,
				FF60E10121E066FA00BAB7CA /* Release */,
			);
			defaultConfigurationIsVisible = 0;
			defaultConfigurationName = Release;
		};
		FF60E10221E066FA00BAB7CA /* Build configuration list for PBXNativeTarget "ios-sdk-examplesUITests" */ = {
			isa = XCConfigurationList;
			buildConfigurations = (
				FF60E10321E066FA00BAB7CA /* Debug */,
				FF60E10421E066FA00BAB7CA /* Release */,
			);
			defaultConfigurationIsVisible = 0;
			defaultConfigurationName = Release;
		};
/* End XCConfigurationList section */
	};
	rootObject = FF60E0CC21E066F700BAB7CA /* Project object */;
}
